// !$*UTF8*$!
{
	archiveVersion = 1;
	classes = {
	};
	objectVersion = 46;
	objects = {

/* Begin PBXAggregateTarget section */
		F782D974C0326211755E45CA /* TapeWarm - All */ = {
			isa = PBXAggregateTarget;
			buildConfigurationList = C9CABC7FE601C1B678573AD6;
			buildPhases = (
			);
			dependencies = (
				5EBBEDEEF1A97CA88FC25878,
				0E5A02C02BA09B508173030C,
				4A5EDAC1E0C669D2EE77B0D6,
				E0E839EAFD1744BF8708CE4D,
			);
			name = "TapeWarm - All";
			productName = TapeWarm;
		};
/* End PBXAggregateTarget section */

/* Begin PBXBuildFile section */
		095492284678563D9524BFD8 /* Accelerate.framework */ = {isa = PBXBuildFile; fileRef = 48D1A8A2BD959CDEBCAAB275; };
		127C3931A93CDF99D1BBC9C7 /* include_juce_audio_processors_headless_lv2_libs.cpp */ = {isa = PBXBuildFile; fileRef = B952ED6DDE4163C3B9496676; };
		1BC7234F512BC34ECD63892E /* Metal.framework */ = {isa = PBXBuildFile; fileRef = DA8B07D87125E696F40A73E8; settings = { ATTRIBUTES = (Weak, ); }; };
		242B25293C36D447F44A75F8 /* Shared Code */ = {isa = PBXBuildFile; fileRef = 13AA71746D1FE674C9E68A39; };
		2FA867379A290349D9614379 /* Foundation.framework */ = {isa = PBXBuildFile; fileRef = 5221C96281C74BEC3178B255; };
		32191C7A797B46DDFD2BEC9E /* VST3 */ = {isa = PBXBuildFile; fileRef = 9FEFFA81F49D0C33114C2E87; };
		321F397737E2E1D101A1C544 /* PluginEditor.cpp */ = {isa = PBXBuildFile; fileRef = 1A53A61DD24349B697B9F483; };
		32C0929D6A705B5978B292F6 /* PluginProcessor.cpp */ = {isa = PBXBuildFile; fileRef = D6736B9F57CB7A38F90EC2F1; };
		32D064FBC743154FEF3179E4 /* include_juce_audio_devices.mm */ = {isa = PBXBuildFile; fileRef = 1A2CA3D8FC138D57899109B1; };
		32ED7EB8AAF4DB3279E25B07 /* Security.framework */ = {isa = PBXBuildFile; fileRef = 279D7772D92F74CD0A592101; };
		3433D06A84651920CC4A126D /* include_juce_gui_basics.mm */ = {isa = PBXBuildFile; fileRef = E6F4FE8ED345F3251C449260; };
		37157D3FA2157D9E1AA55169 /* IOKit.framework */ = {isa = PBXBuildFile; fileRef = C679F740F04D78E052ED3FAA; };
		374BD319C79CFC04444216BB /* include_juce_gui_extra.mm */ = {isa = PBXBuildFile; fileRef = 69EF8869D0380E75B1178173; };
		37E3C6F775109A42CE9CFB50 /* include_juce_audio_processors_headless.mm */ = {isa = PBXBuildFile; fileRef = C000FEAC0067BAF38AFD00EC; };
		4467969F59CDA27E7AEC58B3 /* include_juce_audio_processors_headless_ara.cpp */ = {isa = PBXBuildFile; fileRef = 009A7AFF36465112FCB968E7; };
		45C04BE26250244995C8641A /* DiscRecording.framework */ = {isa = PBXBuildFile; fileRef = B76EF4BDA585686904CE82B7; };
		4813908F8D047629CBCF9CF4 /* AU */ = {isa = PBXBuildFile; fileRef = C29C4D687C5A6D90F7244DBD; };
		497BBD08EB8EC55EF11E664E /* CoreAudioKit.framework */ = {isa = PBXBuildFile; fileRef = AA61E063CC7E41D6F0F2CCED; };
		5B8A99FB5CEE17A313273B9D /* include_juce_dsp.mm */ = {isa = PBXBuildFile; fileRef = 08A40C23138F811B5AB84AE1; };
		656632299D5EF20267F8997F /* include_juce_audio_plugin_client_VST3.mm */ = {isa = PBXBuildFile; fileRef = 888E1BF42270A0CAABA5BD90; };
		682C842C890B4E840E702F3C /* include_juce_audio_utils.mm */ = {isa = PBXBuildFile; fileRef = 5B0B2DB72FE1350126A15874; };
		6A0C40A76704DE7CB881FB18 /* include_juce_graphics_Harfbuzz.cpp */ = {isa = PBXBuildFile; fileRef = 3DEA861686D927F1DC4E6CD0; };
		6C0F2EE06C627EC8F7B10A95 /* include_juce_audio_plugin_client_AU_1.mm */ = {isa = PBXBuildFile; fileRef = 21AC6FFDBAC721310018BF66; };
		71868DEEA3AF052CA5C885B4 /* include_juce_data_structures.mm */ = {isa = PBXBuildFile; fileRef = BD6D8102D8FFBC572DCC88B8; };
		748636F3186CB324EB8FF192 /* TapeProcessor.cpp */ = {isa = PBXBuildFile; fileRef = 2381ABB625115AC2CBFD5BFC; };
		7A3DA8B704206B99ED1CCFA2 /* RecentFilesMenuTemplate.nib */ = {isa = PBXBuildFile; fileRef = 4C7FC15243E376817F5E918F; };
		7AE96F540A2DAFCC54503439 /* include_juce_graphics.mm */ = {isa = PBXBuildFile; fileRef = 1084F8546DBCA720D9602B64; };
		856558689ED29C3C3E5FCD16 /* QuartzCore.framework */ = {isa = PBXBuildFile; fileRef = 5DF409AC63B8D0809703CBC5; };
		86467A978FF9E6CD1A6F6637 /* AudioToolbox.framework */ = {isa = PBXBuildFile; fileRef = 0884CE2BA1596A54BB1D9CA9; };
		8A61AC6DB9100855DDBD01C5 /* WebKit.framework */ = {isa = PBXBuildFile; fileRef = EE12C5136D1D53DAC656C227; };
		8E6459035F76658BFDE971FB /* CoreAudio.framework */ = {isa = PBXBuildFile; fileRef = FCCF327FF05119EBF7CCA1DA; };
		92D11A6E8270B2AA4EFAFC9F /* Cocoa.framework */ = {isa = PBXBuildFile; fileRef = F22D1687D82CD9C0549797D3; };
		9C1D358570EC85CDBBBEE8D6 /* include_juce_audio_plugin_client_AU_2.mm */ = {isa = PBXBuildFile; fileRef = 218D13D585EB891541ADC2AF; };
		B0000B26F61B53766AE3C64A /* include_juce_audio_processors.mm */ = {isa = PBXBuildFile; fileRef = A3D1B6074B0551043DEC607A; };
		B15DDC8B1610D806DC1881FB /* include_juce_core.mm */ = {isa = PBXBuildFile; fileRef = 3BFF839D1A7794703727A0B7; };
		B1A7437EE63DEE3704E21BC5 /* include_juce_audio_plugin_client_ARA.cpp */ = {isa = PBXBuildFile; fileRef = 880391F2710BBC45019480B0; };
		B519B5F29A3C8E07A1504836 /* include_juce_graphics_Sheenbidi.c */ = {isa = PBXBuildFile; fileRef = 7992D63D16CADF8C6C471571; };
		C3BC425BD8366360816E09BE /* include_juce_core_CompilationTime.cpp */ = {isa = PBXBuildFile; fileRef = B2BF2B7042561B4C38DC6AEE; };
		C65440628F98C87FE7816BFC /* include_juce_audio_basics.mm */ = {isa = PBXBuildFile; fileRef = 806DBDB723378D638E31C977; };
		CD06349EA605E2FC23D1C5B5 /* AudioUnit.framework */ = {isa = PBXBuildFile; fileRef = C07C8B499787C4A244887C8A; };
		DDF4FCC6900A85DB136E134F /* include_juce_events.mm */ = {isa = PBXBuildFile; fileRef = 2C6BF59E3CA547BBFA881F06; };
		E2552CCF54B1D0DF3B8C3B1F /* include_juce_audio_formats.mm */ = {isa = PBXBuildFile; fileRef = 956FCF07C42E1CEEB8268075; };
		E2D6F4F85B2F6089C684335C /* CoreMIDI.framework */ = {isa = PBXBuildFile; fileRef = 27BF07748479B029E688BEE5; };
		EC1011CFE94D3691C485E45D /* juce_VST3ManifestHelper.mm */ = {isa = PBXBuildFile; fileRef = DD3B43D7BA9FC51D58272334; settings = { COMPILER_FLAGS = "-w -DJUCE_SKIP_PRECOMPILED_HEADER"; }; };
		FC7BDCED75A304B27B9874E0 /* VST3 Manifest Helper */ = {isa = PBXBuildFile; fileRef = 1635A853401CD967DD8BE493; };
		FDF868189BC50138C7269EEE /* MetalKit.framework */ = {isa = PBXBuildFile; fileRef = 4B0DD1D24DFC0D30A7677A83; settings = { ATTRIBUTES = (Weak, ); }; };
/* End PBXBuildFile section */

/* Begin PBXFileReference section */
		007CC305727DE69E69AFA544 /* juce_events */ /* juce_events */ = {isa = PBXFileReference; lastKnownFileType = folder; name = juce_events; path = /Users/ianfletcher/JUCE/modules/juce_events; sourceTree = "<absolute>"; };
		009A7AFF36465112FCB968E7 /* include_juce_audio_processors_headless_ara.cpp */ /* include_juce_audio_processors_headless_ara.cpp */ = {isa = PBXFileReference; lastKnownFileType = sourcecode.cpp.cpp; name = include_juce_audio_processors_headless_ara.cpp; path = ../../JuceLibraryCode/include_juce_audio_processors_headless_ara.cpp; sourceTree = SOURCE_ROOT; };
		0884CE2BA1596A54BB1D9CA9 /* AudioToolbox.framework */ /* AudioToolbox.framework */ = {isa = PBXFileReference; lastKnownFileType = wrapper.framework; name = AudioToolbox.framework; path = System/Library/Frameworks/AudioToolbox.framework; sourceTree = SDKROOT; };
		08A40C23138F811B5AB84AE1 /* include_juce_dsp.mm */ /* include_juce_dsp.mm */ = {isa = PBXFileReference; lastKnownFileType = sourcecode.cpp.objcpp; name = include_juce_dsp.mm; path = ../../JuceLibraryCode/include_juce_dsp.mm; sourceTree = SOURCE_ROOT; };
		1084F8546DBCA720D9602B64 /* include_juce_graphics.mm */ /* include_juce_graphics.mm */ = {isa = PBXFileReference; lastKnownFileType = sourcecode.cpp.objcpp; name = include_juce_graphics.mm; path = ../../JuceLibraryCode/include_juce_graphics.mm; sourceTree = SOURCE_ROOT; };
		12DD7F184E3533794FD481C2 /* juce_core */ /* juce_core */ = {isa = PBXFileReference; lastKnownFileType = folder; name = juce_core; path = /Users/ianfletcher/JUCE/modules/juce_core; sourceTree = "<absolute>"; };
		13535CBE36B4DA770FCC9DDB /* juce_audio_processors_headless */ /* juce_audio_processors_headless */ = {isa = PBXFileReference; lastKnownFileType = folder; name = juce_audio_processors_headless; path = /Users/ianfletcher/JUCE/modules/juce_audio_processors_headless; sourceTree = "<absolute>"; };
		13AA71746D1FE674C9E68A39 /* Shared Code */ = {isa = PBXFileReference; explicitFileType = archive.ar; includeInIndex = 0; path = libTapeWarm.a; sourceTree = BUILT_PRODUCTS_DIR; };
		1635A853401CD967DD8BE493 /* VST3 Manifest Helper */ = {isa = PBXFileReference; explicitFileType = "compiled.mach-o.executable"; includeInIndex = 0; path = juce_vst3_helper; sourceTree = BUILT_PRODUCTS_DIR; };
		1694DCC2C086EB1F06BE8780 /* juce_data_structures */ /* juce_data_structures */ = {isa = PBXFileReference; lastKnownFileType = folder; name = juce_data_structures; path = /Users/ianfletcher/JUCE/modules/juce_data_structures; sourceTree = "<absolute>"; };
		1A2CA3D8FC138D57899109B1 /* include_juce_audio_devices.mm */ /* include_juce_audio_devices.mm */ = {isa = PBXFileReference; lastKnownFileType = sourcecode.cpp.objcpp; name = include_juce_audio_devices.mm; path = ../../JuceLibraryCode/include_juce_audio_devices.mm; sourceTree = SOURCE_ROOT; };
		1A53A61DD24349B697B9F483 /* PluginEditor.cpp */ /* PluginEditor.cpp */ = {isa = PBXFileReference; lastKnownFileType = sourcecode.cpp.cpp; name = PluginEditor.cpp; path = ../../Source/PluginEditor.cpp; sourceTree = SOURCE_ROOT; };
		2051BF7898AE328DE0209E34 /* Info-VST3.plist */ /* Info-VST3.plist */ = {isa = PBXFileReference; lastKnownFileType = text.plist.xml; name = "Info-VST3.plist"; path = "Info-VST3.plist"; sourceTree = SOURCE_ROOT; };
		218D13D585EB891541ADC2AF /* include_juce_audio_plugin_client_AU_2.mm */ /* include_juce_audio_plugin_client_AU_2.mm */ = {isa = PBXFileReference; lastKnownFileType = sourcecode.cpp.objcpp; name = include_juce_audio_plugin_client_AU_2.mm; path = ../../JuceLibraryCode/include_juce_audio_plugin_client_AU_2.mm; sourceTree = SOURCE_ROOT; };
		21AC6FFDBAC721310018BF66 /* include_juce_audio_plugin_client_AU_1.mm */ /* include_juce_audio_plugin_client_AU_1.mm */ = {isa = PBXFileReference; lastKnownFileType = sourcecode.cpp.objcpp; name = include_juce_audio_plugin_client_AU_1.mm; path = ../../JuceLibraryCode/include_juce_audio_plugin_client_AU_1.mm; sourceTree = SOURCE_ROOT; };
		2381ABB625115AC2CBFD5BFC /* TapeProcessor.cpp */ /* TapeProcessor.cpp */ = {isa = PBXFileReference; lastKnownFileType = sourcecode.cpp.cpp; name = TapeProcessor.cpp; path = ../../Source/DSP/TapeProcessor.cpp; sourceTree = SOURCE_ROOT; };
		279D7772D92F74CD0A592101 /* Security.framework */ /* Security.framework */ = {isa = PBXFileReference; lastKnownFileType = wrapper.framework; name = Security.framework; path = System/Library/Frameworks/Security.framework; sourceTree = SDKROOT; };
		27BF07748479B029E688BEE5 /* CoreMIDI.framework */ /* CoreMIDI.framework */ = {isa = PBXFileReference; lastKnownFileType = wrapper.framework; name = CoreMIDI.framework; path = System/Library/Frameworks/CoreMIDI.framework; sourceTree = SDKROOT; };
		2AC41886083744C8225CB305 /* juce_audio_devices */ /* juce_audio_devices */ = {isa = PBXFileReference; lastKnownFileType = folder; name = juce_audio_devices; path = /Users/ianfletcher/JUCE/modules/juce_audio_devices; sourceTree = "<absolute>"; };
		2C6BF59E3CA547BBFA881F06 /* include_juce_events.mm */ /* include_juce_events.mm */ = {isa = PBXFileReference; lastKnownFileType = sourcecode.cpp.objcpp; name = include_juce_events.mm; path = ../../JuceLibraryCode/include_juce_events.mm; sourceTree = SOURCE_ROOT; };
		3BA23E53857E75C8E602C5F3 /* juce_graphics */ /* juce_graphics */ = {isa = PBXFileReference; lastKnownFileType = folder; name = juce_graphics; path = /Users/ianfletcher/JUCE/modules/juce_graphics; sourceTree = "<absolute>"; };
		3BFF839D1A7794703727A0B7 /* include_juce_core.mm */ /* include_juce_core.mm */ = {isa = PBXFileReference; lastKnownFileType = sourcecode.cpp.objcpp; name = include_juce_core.mm; path = ../../JuceLibraryCode/include_juce_core.mm; sourceTree = SOURCE_ROOT; };
		3DEA861686D927F1DC4E6CD0 /* include_juce_graphics_Harfbuzz.cpp */ /* include_juce_graphics_Harfbuzz.cpp */ = {isa = PBXFileReference; lastKnownFileType = sourcecode.cpp.cpp; name = include_juce_graphics_Harfbuzz.cpp; path = ../../JuceLibraryCode/include_juce_graphics_Harfbuzz.cpp; sourceTree = SOURCE_ROOT; };
		48D1A8A2BD959CDEBCAAB275 /* Accelerate.framework */ /* Accelerate.framework */ = {isa = PBXFileReference; lastKnownFileType = wrapper.framework; name = Accelerate.framework; path = System/Library/Frameworks/Accelerate.framework; sourceTree = SDKROOT; };
		4B0DD1D24DFC0D30A7677A83 /* MetalKit.framework */ /* MetalKit.framework */ = {isa = PBXFileReference; lastKnownFileType = wrapper.framework; name = MetalKit.framework; path = System/Library/Frameworks/MetalKit.framework; sourceTree = SDKROOT; };
		4C02A41C5E794D94F4C0CCC7 /* juce_dsp */ /* juce_dsp */ = {isa = PBXFileReference; lastKnownFileType = folder; name = juce_dsp; path = /Users/ianfletcher/JUCE/modules/juce_dsp; sourceTree = "<absolute>"; };
		4C7FC15243E376817F5E918F /* RecentFilesMenuTemplate.nib */ /* RecentFilesMenuTemplate.nib */ = {isa = PBXFileReference; lastKnownFileType = file.nib; name = RecentFilesMenuTemplate.nib; path = RecentFilesMenuTemplate.nib; sourceTree = SOURCE_ROOT; };
		50FA02A5CC405AFB20228E2F /* JucePluginDefines.h */ /* JucePluginDefines.h */ = {isa = PBXFileReference; lastKnownFileType = sourcecode.c.h; name = JucePluginDefines.h; path = ../../JuceLibraryCode/JucePluginDefines.h; sourceTree = SOURCE_ROOT; };
		5221C96281C74BEC3178B255 /* Foundation.framework */ /* Foundation.framework */ = {isa = PBXFileReference; lastKnownFileType = wrapper.framework; name = Foundation.framework; path = System/Library/Frameworks/Foundation.framework; sourceTree = SDKROOT; };
		53430692C00A7492A8A783C2 /* juce_audio_basics */ /* juce_audio_basics */ = {isa = PBXFileReference; lastKnownFileType = folder; name = juce_audio_basics; path = /Users/ianfletcher/JUCE/modules/juce_audio_basics; sourceTree = "<absolute>"; };
		5A44937F7653DA0998ABF256 /* PluginEditor.h */ /* PluginEditor.h */ = {isa = PBXFileReference; lastKnownFileType = sourcecode.c.h; name = PluginEditor.h; path = ../../Source/PluginEditor.h; sourceTree = SOURCE_ROOT; };
		5B0B2DB72FE1350126A15874 /* include_juce_audio_utils.mm */ /* include_juce_audio_utils.mm */ = {isa = PBXFileReference; lastKnownFileType = sourcecode.cpp.objcpp; name = include_juce_audio_utils.mm; path = ../../JuceLibraryCode/include_juce_audio_utils.mm; sourceTree = SOURCE_ROOT; };
		5DF409AC63B8D0809703CBC5 /* QuartzCore.framework */ /* QuartzCore.framework */ = {isa = PBXFileReference; lastKnownFileType = wrapper.framework; name = QuartzCore.framework; path = System/Library/Frameworks/QuartzCore.framework; sourceTree = SDKROOT; };
		5EA2F179FE947C4D77D40258 /* DSPUtils.h */ /* DSPUtils.h */ = {isa = PBXFileReference; lastKnownFileType = sourcecode.c.h; name = DSPUtils.h; path = ../../Source/DSP/DSPUtils.h; sourceTree = SOURCE_ROOT; };
		6275E3FE53075EB1A6A92B8A /* TapeProcessor.h */ /* TapeProcessor.h */ = {isa = PBXFileReference; lastKnownFileType = sourcecode.c.h; name = TapeProcessor.h; path = ../../Source/DSP/TapeProcessor.h; sourceTree = SOURCE_ROOT; };
		6922A3D187E32D912A43AB83 /* juce_audio_formats */ /* juce_audio_formats */ = {isa = PBXFileReference; lastKnownFileType = folder; name = juce_audio_formats; path = /Users/ianfletcher/JUCE/modules/juce_audio_formats; sourceTree = "<absolute>"; };
		69EF8869D0380E75B1178173 /* include_juce_gui_extra.mm */ /* include_juce_gui_extra.mm */ = {isa = PBXFileReference; lastKnownFileType = sourcecode.cpp.objcpp; name = include_juce_gui_extra.mm; path = ../../JuceLibraryCode/include_juce_gui_extra.mm; sourceTree = SOURCE_ROOT; };
		6DDA84D30C76EBDE78B0316B /* juce_gui_basics */ /* juce_gui_basics */ = {isa = PBXFileReference; lastKnownFileType = folder; name = juce_gui_basics; path = /Users/ianfletcher/JUCE/modules/juce_gui_basics; sourceTree = "<absolute>"; };
		73794571E7B0F5D514DB68EF /* Info-VST3_Manifest_Helper.plist */ /* Info-VST3_Manifest_Helper.plist */ = {isa = PBXFileReference; lastKnownFileType = text.plist.xml; name = "Info-VST3_Manifest_Helper.plist"; path = "Info-VST3_Manifest_Helper.plist"; sourceTree = SOURCE_ROOT; };
		7992D63D16CADF8C6C471571 /* include_juce_graphics_Sheenbidi.c */ /* include_juce_graphics_Sheenbidi.c */ = {isa = PBXFileReference; lastKnownFileType = sourcecode.c.c; name = include_juce_graphics_Sheenbidi.c; path = ../../JuceLibraryCode/include_juce_graphics_Sheenbidi.c; sourceTree = SOURCE_ROOT; };
		806DBDB723378D638E31C977 /* include_juce_audio_basics.mm */ /* include_juce_audio_basics.mm */ = {isa = PBXFileReference; lastKnownFileType = sourcecode.cpp.objcpp; name = include_juce_audio_basics.mm; path = ../../JuceLibraryCode/include_juce_audio_basics.mm; sourceTree = SOURCE_ROOT; };
		80BC6C09EF2EA93F35217ECC /* Info-AU.plist */ /* Info-AU.plist */ = {isa = PBXFileReference; lastKnownFileType = text.plist.xml; name = "Info-AU.plist"; path = "Info-AU.plist"; sourceTree = SOURCE_ROOT; };
		8514C93F880B46AFD1CAF904 /* juce_audio_utils */ /* juce_audio_utils */ = {isa = PBXFileReference; lastKnownFileType = folder; name = juce_audio_utils; path = /Users/ianfletcher/JUCE/modules/juce_audio_utils; sourceTree = "<absolute>"; };
		880391F2710BBC45019480B0 /* include_juce_audio_plugin_client_ARA.cpp */ /* include_juce_audio_plugin_client_ARA.cpp */ = {isa = PBXFileReference; lastKnownFileType = sourcecode.cpp.cpp; name = include_juce_audio_plugin_client_ARA.cpp; path = ../../JuceLibraryCode/include_juce_audio_plugin_client_ARA.cpp; sourceTree = SOURCE_ROOT; };
		888E1BF42270A0CAABA5BD90 /* include_juce_audio_plugin_client_VST3.mm */ /* include_juce_audio_plugin_client_VST3.mm */ = {isa = PBXFileReference; lastKnownFileType = sourcecode.cpp.objcpp; name = include_juce_audio_plugin_client_VST3.mm; path = ../../JuceLibraryCode/include_juce_audio_plugin_client_VST3.mm; sourceTree = SOURCE_ROOT; };
		956FCF07C42E1CEEB8268075 /* include_juce_audio_formats.mm */ /* include_juce_audio_formats.mm */ = {isa = PBXFileReference; lastKnownFileType = sourcecode.cpp.objcpp; name = include_juce_audio_formats.mm; path = ../../JuceLibraryCode/include_juce_audio_formats.mm; sourceTree = SOURCE_ROOT; };
		9FEFFA81F49D0C33114C2E87 /* VST3 */ = {isa = PBXFileReference; explicitFileType = wrapper.cfbundle; includeInIndex = 0; path = TapeWarm.vst3; sourceTree = BUILT_PRODUCTS_DIR; };
		A3D1B6074B0551043DEC607A /* include_juce_audio_processors.mm */ /* include_juce_audio_processors.mm */ = {isa = PBXFileReference; lastKnownFileType = sourcecode.cpp.objcpp; name = include_juce_audio_processors.mm; path = ../../JuceLibraryCode/include_juce_audio_processors.mm; sourceTree = SOURCE_ROOT; };
		AA61E063CC7E41D6F0F2CCED /* CoreAudioKit.framework */ /* CoreAudioKit.framework */ = {isa = PBXFileReference; lastKnownFileType = wrapper.framework; name = CoreAudioKit.framework; path = System/Library/Frameworks/CoreAudioKit.framework; sourceTree = SDKROOT; };
		B2BF2B7042561B4C38DC6AEE /* include_juce_core_CompilationTime.cpp */ /* include_juce_core_CompilationTime.cpp */ = {isa = PBXFileReference; lastKnownFileType = sourcecode.cpp.cpp; name = include_juce_core_CompilationTime.cpp; path = ../../JuceLibraryCode/include_juce_core_CompilationTime.cpp; sourceTree = SOURCE_ROOT; };
		B76EF4BDA585686904CE82B7 /* DiscRecording.framework */ /* DiscRecording.framework */ = {isa = PBXFileReference; lastKnownFileType = wrapper.framework; name = DiscRecording.framework; path = System/Library/Frameworks/DiscRecording.framework; sourceTree = SDKROOT; };
		B952ED6DDE4163C3B9496676 /* include_juce_audio_processors_headless_lv2_libs.cpp */ /* include_juce_audio_processors_headless_lv2_libs.cpp */ = {isa = PBXFileReference; lastKnownFileType = sourcecode.cpp.cpp; name = include_juce_audio_processors_headless_lv2_libs.cpp; path = ../../JuceLibraryCode/include_juce_audio_processors_headless_lv2_libs.cpp; sourceTree = SOURCE_ROOT; };
		BAEEF7FCE8EC47B36520A073 /* JuceHeader.h */ /* JuceHeader.h */ = {isa = PBXFileReference; lastKnownFileType = sourcecode.c.h; name = JuceHeader.h; path = ../../JuceLibraryCode/JuceHeader.h; sourceTree = SOURCE_ROOT; };
		BD6D8102D8FFBC572DCC88B8 /* include_juce_data_structures.mm */ /* include_juce_data_structures.mm */ = {isa = PBXFileReference; lastKnownFileType = sourcecode.cpp.objcpp; name = include_juce_data_structures.mm; path = ../../JuceLibraryCode/include_juce_data_structures.mm; sourceTree = SOURCE_ROOT; };
		C000FEAC0067BAF38AFD00EC /* include_juce_audio_processors_headless.mm */ /* include_juce_audio_processors_headless.mm */ = {isa = PBXFileReference; lastKnownFileType = sourcecode.cpp.objcpp; name = include_juce_audio_processors_headless.mm; path = ../../JuceLibraryCode/include_juce_audio_processors_headless.mm; sourceTree = SOURCE_ROOT; };
		C07C8B499787C4A244887C8A /* AudioUnit.framework */ /* AudioUnit.framework */ = {isa = PBXFileReference; lastKnownFileType = wrapper.framework; name = AudioUnit.framework; path = System/Library/Frameworks/AudioUnit.framework; sourceTree = SDKROOT; };
		C29C4D687C5A6D90F7244DBD /* AU */ = {isa = PBXFileReference; explicitFileType = wrapper.cfbundle; includeInIndex = 0; path = TapeWarm.component; sourceTree = BUILT_PRODUCTS_DIR; };
		C679F740F04D78E052ED3FAA /* IOKit.framework */ /* IOKit.framework */ = {isa = PBXFileReference; lastKnownFileType = wrapper.framework; name = IOKit.framework; path = System/Library/Frameworks/IOKit.framework; sourceTree = SDKROOT; };
		D6736B9F57CB7A38F90EC2F1 /* PluginProcessor.cpp */ /* PluginProcessor.cpp */ = {isa = PBXFileReference; lastKnownFileType = sourcecode.cpp.cpp; name = PluginProcessor.cpp; path = ../../Source/PluginProcessor.cpp; sourceTree = SOURCE_ROOT; };
		DA0B88337519AB093F57F410 /* juce_audio_processors */ /* juce_audio_processors */ = {isa = PBXFileReference; lastKnownFileType = folder; name = juce_audio_processors; path = /Users/ianfletcher/JUCE/modules/juce_audio_processors; sourceTree = "<absolute>"; };
		DA8B07D87125E696F40A73E8 /* Metal.framework */ /* Metal.framework */ = {isa = PBXFileReference; lastKnownFileType = wrapper.framework; name = Metal.framework; path = System/Library/Frameworks/Metal.framework; sourceTree = SDKROOT; };
		DD3B43D7BA9FC51D58272334 /* juce_VST3ManifestHelper.mm */ /* juce_VST3ManifestHelper.mm */ = {isa = PBXFileReference; lastKnownFileType = sourcecode.cpp.objcpp; name = juce_VST3ManifestHelper.mm; path = /Users/ianfletcher/JUCE/modules/juce_audio_plugin_client/VST3/juce_VST3ManifestHelper.mm; sourceTree = "<absolute>"; };
		E5FD2EC275211110FB152F27 /* juce_audio_plugin_client */ /* juce_audio_plugin_client */ = {isa = PBXFileReference; lastKnownFileType = folder; name = juce_audio_plugin_client; path = /Users/ianfletcher/JUCE/modules/juce_audio_plugin_client; sourceTree = "<absolute>"; };
		E6F4FE8ED345F3251C449260 /* include_juce_gui_basics.mm */ /* include_juce_gui_basics.mm */ = {isa = PBXFileReference; lastKnownFileType = sourcecode.cpp.objcpp; name = include_juce_gui_basics.mm; path = ../../JuceLibraryCode/include_juce_gui_basics.mm; sourceTree = SOURCE_ROOT; };
		E877422913AE5DE1F626A078 /* PluginProcessor.h */ /* PluginProcessor.h */ = {isa = PBXFileReference; lastKnownFileType = sourcecode.c.h; name = PluginProcessor.h; path = ../../Source/PluginProcessor.h; sourceTree = SOURCE_ROOT; };
		EE12C5136D1D53DAC656C227 /* WebKit.framework */ /* WebKit.framework */ = {isa = PBXFileReference; lastKnownFileType = wrapper.framework; name = WebKit.framework; path = System/Library/Frameworks/WebKit.framework; sourceTree = SDKROOT; };
		F22D1687D82CD9C0549797D3 /* Cocoa.framework */ /* Cocoa.framework */ = {isa = PBXFileReference; lastKnownFileType = wrapper.framework; name = Cocoa.framework; path = System/Library/Frameworks/Cocoa.framework; sourceTree = SDKROOT; };
		F3A0E3A03310D22E4CE9E635 /* juce_gui_extra */ /* juce_gui_extra */ = {isa = PBXFileReference; lastKnownFileType = folder; name = juce_gui_extra; path = /Users/ianfletcher/JUCE/modules/juce_gui_extra; sourceTree = "<absolute>"; };
		FCCF327FF05119EBF7CCA1DA /* CoreAudio.framework */ /* CoreAudio.framework */ = {isa = PBXFileReference; lastKnownFileType = wrapper.framework; name = CoreAudio.framework; path = System/Library/Frameworks/CoreAudio.framework; sourceTree = SDKROOT; };
/* End PBXFileReference section */

/* Begin PBXFrameworksBuildPhase section */
		185EEBC35DE4B815BFCEDE10 = {
			isa = PBXFrameworksBuildPhase;
			buildActionMask = 2147483647;
			files = (
				095492284678563D9524BFD8,
				86467A978FF9E6CD1A6F6637,
				92D11A6E8270B2AA4EFAFC9F,
				8E6459035F76658BFDE971FB,
				497BBD08EB8EC55EF11E664E,
				E2D6F4F85B2F6089C684335C,
				45C04BE26250244995C8641A,
				2FA867379A290349D9614379,
				37157D3FA2157D9E1AA55169,
				856558689ED29C3C3E5FCD16,
				32ED7EB8AAF4DB3279E25B07,
				8A61AC6DB9100855DDBD01C5,
				1BC7234F512BC34ECD63892E,
				FDF868189BC50138C7269EEE,
			);
			runOnlyForDeploymentPostprocessing = 0;
		};
		C334000C5A4E22A1F714FA81 = {
			isa = PBXFrameworksBuildPhase;
			buildActionMask = 2147483647;
			files = (
				095492284678563D9524BFD8,
				86467A978FF9E6CD1A6F6637,
				92D11A6E8270B2AA4EFAFC9F,
				8E6459035F76658BFDE971FB,
				497BBD08EB8EC55EF11E664E,
				E2D6F4F85B2F6089C684335C,
				45C04BE26250244995C8641A,
				2FA867379A290349D9614379,
				37157D3FA2157D9E1AA55169,
				856558689ED29C3C3E5FCD16,
				32ED7EB8AAF4DB3279E25B07,
				8A61AC6DB9100855DDBD01C5,
				1BC7234F512BC34ECD63892E,
				FDF868189BC50138C7269EEE,
			);
			runOnlyForDeploymentPostprocessing = 0;
		};
		E5AA36D016C4ECDFC7FB6902 = {
			isa = PBXFrameworksBuildPhase;
			buildActionMask = 2147483647;
			files = (
				CD06349EA605E2FC23D1C5B5,
				095492284678563D9524BFD8,
				86467A978FF9E6CD1A6F6637,
				92D11A6E8270B2AA4EFAFC9F,
				8E6459035F76658BFDE971FB,
				497BBD08EB8EC55EF11E664E,
				E2D6F4F85B2F6089C684335C,
				45C04BE26250244995C8641A,
				2FA867379A290349D9614379,
				37157D3FA2157D9E1AA55169,
				856558689ED29C3C3E5FCD16,
				32ED7EB8AAF4DB3279E25B07,
				8A61AC6DB9100855DDBD01C5,
				1BC7234F512BC34ECD63892E,
				FDF868189BC50138C7269EEE,
			);
			runOnlyForDeploymentPostprocessing = 0;
		};
/* End PBXFrameworksBuildPhase section */

/* Begin PBXGroup section */
		4D06122D1A432EAF211CC8D1 /* Frameworks */ = {
			isa = PBXGroup;
			children = (
				C07C8B499787C4A244887C8A,
				48D1A8A2BD959CDEBCAAB275,
				0884CE2BA1596A54BB1D9CA9,
				F22D1687D82CD9C0549797D3,
				FCCF327FF05119EBF7CCA1DA,
				AA61E063CC7E41D6F0F2CCED,
				27BF07748479B029E688BEE5,
				B76EF4BDA585686904CE82B7,
				5221C96281C74BEC3178B255,
				C679F740F04D78E052ED3FAA,
				5DF409AC63B8D0809703CBC5,
				279D7772D92F74CD0A592101,
				EE12C5136D1D53DAC656C227,
				DA8B07D87125E696F40A73E8,
				4B0DD1D24DFC0D30A7677A83,
			);
			name = Frameworks;
			sourceTree = "<group>";
		};
		695A7A038BD129415B33C7A9 /* Source */ = {
			isa = PBXGroup;
			children = (
				ABCB59C1BDB23A1453E406A2,
				C1E921385FBC89B97C19F358,
				6C63631052BE094E313EE351,
				9D693D20D466986379FBC5F4,
				4D06122D1A432EAF211CC8D1,
				E664919C999222D700B8164F,
			);
			name = Source;
			sourceTree = "<group>";
		};
		6C63631052BE094E313EE351 /* JUCE Library Code */ = {
			isa = PBXGroup;
			children = (
				806DBDB723378D638E31C977,
				1A2CA3D8FC138D57899109B1,
				956FCF07C42E1CEEB8268075,
				880391F2710BBC45019480B0,
				21AC6FFDBAC721310018BF66,
				218D13D585EB891541ADC2AF,
				888E1BF42270A0CAABA5BD90,
				A3D1B6074B0551043DEC607A,
				C000FEAC0067BAF38AFD00EC,
				009A7AFF36465112FCB968E7,
				B952ED6DDE4163C3B9496676,
				5B0B2DB72FE1350126A15874,
				3BFF839D1A7794703727A0B7,
				B2BF2B7042561B4C38DC6AEE,
				BD6D8102D8FFBC572DCC88B8,
				08A40C23138F811B5AB84AE1,
				2C6BF59E3CA547BBFA881F06,
				1084F8546DBCA720D9602B64,
				3DEA861686D927F1DC4E6CD0,
				7992D63D16CADF8C6C471571,
				E6F4FE8ED345F3251C449260,
				69EF8869D0380E75B1178173,
				BAEEF7FCE8EC47B36520A073,
				50FA02A5CC405AFB20228E2F,
			);
			name = "JUCE Library Code";
			sourceTree = "<group>";
		};
		9D693D20D466986379FBC5F4 /* Resources */ = {
			isa = PBXGroup;
			children = (
				2051BF7898AE328DE0209E34,
				80BC6C09EF2EA93F35217ECC,
				73794571E7B0F5D514DB68EF,
				4C7FC15243E376817F5E918F,
			);
			name = Resources;
			sourceTree = "<group>";
		};
		ABCB59C1BDB23A1453E406A2 /* TapeWarm */ = {
			isa = PBXGroup;
			children = (
				BECAE45BC587286DC598A529,
			);
			name = TapeWarm;
			sourceTree = "<group>";
		};
		BECAE45BC587286DC598A529 /* Source */ = {
			isa = PBXGroup;
			children = (
				D6736B9F57CB7A38F90EC2F1,
				E877422913AE5DE1F626A078,
				1A53A61DD24349B697B9F483,
				5A44937F7653DA0998ABF256,
				C633663D5BFFE097C088B345,
			);
			name = Source;
			sourceTree = "<group>";
		};
		C1E921385FBC89B97C19F358 /* JUCE Modules */ = {
			isa = PBXGroup;
			children = (
				53430692C00A7492A8A783C2,
				2AC41886083744C8225CB305,
				6922A3D187E32D912A43AB83,
				E5FD2EC275211110FB152F27,
				DA0B88337519AB093F57F410,
				13535CBE36B4DA770FCC9DDB,
				8514C93F880B46AFD1CAF904,
				12DD7F184E3533794FD481C2,
				1694DCC2C086EB1F06BE8780,
				4C02A41C5E794D94F4C0CCC7,
				007CC305727DE69E69AFA544,
				3BA23E53857E75C8E602C5F3,
				6DDA84D30C76EBDE78B0316B,
				F3A0E3A03310D22E4CE9E635,
			);
			name = "JUCE Modules";
			sourceTree = "<group>";
		};
		C633663D5BFFE097C088B345 /* DSP */ = {
			isa = PBXGroup;
			children = (
				5EA2F179FE947C4D77D40258,
				2381ABB625115AC2CBFD5BFC,
				6275E3FE53075EB1A6A92B8A,
			);
			name = DSP;
			sourceTree = "<group>";
		};
		E664919C999222D700B8164F /* Products */ = {
			isa = PBXGroup;
			children = (
				9FEFFA81F49D0C33114C2E87,
				C29C4D687C5A6D90F7244DBD,
				13AA71746D1FE674C9E68A39,
				1635A853401CD967DD8BE493,
			);
			name = Products;
			sourceTree = "<group>";
		};
/* End PBXGroup section */

/* Begin PBXNativeTarget section */
		3BAE066133046FE9052B12FB /* TapeWarm - VST3 */ = {
			isa = PBXNativeTarget;
			buildConfigurationList = 2D7068777C90563D5D205D1D;
			buildPhases = (
				F16E350944D9EF4668A777E1,
				2CA093C57A1F01CF952BEB28,
				185EEBC35DE4B815BFCEDE10,
				71713F168E894227EA48B1CC,
				BA6E65E84E6D731B282ABE14,
			);
			buildRules = (
			);
			dependencies = (
				A154C5C93AE2D3A344C82A1F,
				33A52A0797F6359E3B675BBE,
			);
			name = "TapeWarm - VST3";
			productName = TapeWarm;
			productReference = 9FEFFA81F49D0C33114C2E87;
			productType = "com.apple.product-type.bundle";
		};
		76002ECAFB6A9BDFCC3ADC6B /* TapeWarm - VST3 Manifest Helper */ = {
			isa = PBXNativeTarget;
			buildConfigurationList = F6A144E99AC452CFC11DFC59;
			buildPhases = (
				1A885EB0003AA2193684B544,
				C334000C5A4E22A1F714FA81,
			);
			buildRules = (
			);
			dependencies = (
			);
			name = "TapeWarm - VST3 Manifest Helper";
			productName = TapeWarm;
			productReference = 1635A853401CD967DD8BE493;
			productType = "com.apple.product-type.tool";
		};
		88352068467BAA42D922871C /* TapeWarm - Shared Code */ = {
			isa = PBXNativeTarget;
			buildConfigurationList = 879E3D44355FB3B83F9E6246;
			buildPhases = (
				C648929D9EEE12306FEF94CD,
			);
			buildRules = (
			);
			dependencies = (
			);
			name = "TapeWarm - Shared Code";
			productName = TapeWarm;
			productReference = 13AA71746D1FE674C9E68A39;
			productType = "com.apple.product-type.library.static";
		};
		9EDD8CE47E0098E919922EEC /* TapeWarm - AU */ = {
			isa = PBXNativeTarget;
			buildConfigurationList = 4CC12EF0D37DFAC542627BDE;
			buildPhases = (
				BD2D083504E3B3E4C1C6F823,
				A4515768574E505BCF84BF47,
				E5AA36D016C4ECDFC7FB6902,
				92877E8807B2BE140EE71F5D,
			);
			buildRules = (
			);
			dependencies = (
				66F5C612305109BDE130C9C1,
			);
			name = "TapeWarm - AU";
			productName = TapeWarm;
			productReference = C29C4D687C5A6D90F7244DBD;
			productType = "com.apple.product-type.bundle";
		};
/* End PBXNativeTarget section */

/* Begin PBXProject section */
		36AB652B4BBA427F7D885AC2 = {
			isa = PBXProject;
			attributes = {
				BuildIndependentTargetsInParallel = YES;
				LastUpgradeCheck = 1340;
				ORGANIZATIONNAME = "Fletcher";
				TargetAttributes = {
					3BAE066133046FE9052B12FB = {
						SystemCapabilities = {
							com.apple.ApplicationGroups.iOS = {
								enabled = 0;
							};
							com.apple.HardenedRuntime = {
								enabled = 0;
							};
							com.apple.InAppPurchase = {
								enabled = 0;
							};
							com.apple.InterAppAudio = {
								enabled = 0;
							};
							com.apple.Push = {
								enabled = 0;
							};
							com.apple.Sandbox = {
								enabled = 0;
							};
						};
					};
					76002ECAFB6A9BDFCC3ADC6B = {
						SystemCapabilities = {
							com.apple.ApplicationGroups.iOS = {
								enabled = 0;
							};
							com.apple.HardenedRuntime = {
								enabled = 0;
							};
							com.apple.InAppPurchase = {
								enabled = 0;
							};
							com.apple.InterAppAudio = {
								enabled = 0;
							};
							com.apple.Push = {
								enabled = 0;
							};
							com.apple.Sandbox = {
								enabled = 0;
							};
						};
					};
					88352068467BAA42D922871C = {
						SystemCapabilities = {
							com.apple.ApplicationGroups.iOS = {
								enabled = 0;
							};
							com.apple.HardenedRuntime = {
								enabled = 0;
							};
							com.apple.InAppPurchase = {
								enabled = 0;
							};
							com.apple.InterAppAudio = {
								enabled = 0;
							};
							com.apple.Push = {
								enabled = 0;
							};
							com.apple.Sandbox = {
								enabled = 0;
							};
						};
					};
					9EDD8CE47E0098E919922EEC = {
						SystemCapabilities = {
							com.apple.ApplicationGroups.iOS = {
								enabled = 0;
							};
							com.apple.HardenedRuntime = {
								enabled = 0;
							};
							com.apple.InAppPurchase = {
								enabled = 0;
							};
							com.apple.InterAppAudio = {
								enabled = 0;
							};
							com.apple.Push = {
								enabled = 0;
							};
							com.apple.Sandbox = {
								enabled = 0;
							};
						};
					};
					F782D974C0326211755E45CA = {
						SystemCapabilities = {
							com.apple.ApplicationGroups.iOS = {
								enabled = 0;
							};
							com.apple.HardenedRuntime = {
								enabled = 0;
							};
							com.apple.InAppPurchase = {
								enabled = 0;
							};
							com.apple.InterAppAudio = {
								enabled = 0;
							};
							com.apple.Push = {
								enabled = 0;
							};
							com.apple.Sandbox = {
								enabled = 0;
							};
						};
					};
				};
			};
			buildConfigurationList = 710DD3EB614A0C240F52E1DD;
			compatibilityVersion = "Xcode 3.2";
			hasScannedForEncodings = 0;
			knownRegions = (
				en,
				Base,
			);
			mainGroup = 695A7A038BD129415B33C7A9;
			projectDirPath = "";
			projectRoot = "";
			targets = (
				F782D974C0326211755E45CA,
				3BAE066133046FE9052B12FB,
				9EDD8CE47E0098E919922EEC,
				88352068467BAA42D922871C,
				76002ECAFB6A9BDFCC3ADC6B,
			);
		};
/* End PBXProject section */

/* Begin PBXResourcesBuildPhase section */
		BD2D083504E3B3E4C1C6F823 = {
			isa = PBXResourcesBuildPhase;
			buildActionMask = 2147483647;
			files = (
				7A3DA8B704206B99ED1CCFA2,
			);
			runOnlyForDeploymentPostprocessing = 0;
		};
		F16E350944D9EF4668A777E1 = {
			isa = PBXResourcesBuildPhase;
			buildActionMask = 2147483647;
			files = (
				7A3DA8B704206B99ED1CCFA2,
			);
			runOnlyForDeploymentPostprocessing = 0;
		};
/* End PBXResourcesBuildPhase section */

/* Begin PBXShellScriptBuildPhase section */
		71713F168E894227EA48B1CC /* Update manifest */ = {
			isa = PBXShellScriptBuildPhase;
			buildActionMask = 2147483647;
			files = (
			);
			runOnlyForDeploymentPostprocessing = 0;
			name = "Update manifest";
			alwaysOutOfDate = 1;
			shellPath = /bin/sh;
			shellScript = "set -euo pipefail\n\necho Running \\\"${CONFIGURATION_BUILD_DIR}/juce_vst3_helper\\\" \\> \\\"${CONFIGURATION_BUILD_DIR}/${WRAPPER_NAME}/Contents/Resources/moduleinfo.json\\\"\n\"${CONFIGURATION_BUILD_DIR}/juce_vst3_helper\" > \"${CONFIGURATION_BUILD_DIR}/${WRAPPER_NAME}/Contents/Resources/moduleinfo.json\"\n";
		};
		92877E8807B2BE140EE71F5D /* Plugin Copy Step */ = {
			isa = PBXShellScriptBuildPhase;
			buildActionMask = 2147483647;
			files = (
			);
			runOnlyForDeploymentPostprocessing = 0;
			name = "Plugin Copy Step";
			alwaysOutOfDate = 1;
			shellPath = /bin/sh;
			shellScript = "set -euo pipefail\n\nif [[ \"${CONFIGURATION}\" == \"Debug\" ]]; then\n  destinationPlugin=\"${HOME}/Library/Audio/Plug-Ins/Components//$(basename \"${TARGET_BUILD_DIR}/${WRAPPER_NAME}\")\"\n  echo Running rm -rf \\\"${destinationPlugin}\\\"\n  rm -rf \"${destinationPlugin}\"\n  echo Running ditto \\\"${TARGET_BUILD_DIR}/${WRAPPER_NAME}\\\" \\\"${destinationPlugin}\\\"\n  ditto \"${TARGET_BUILD_DIR}/${WRAPPER_NAME}\" \"${destinationPlugin}\"\n\n  if [[ -n \"${EXPANDED_CODE_SIGN_IDENTITY-}\" ]]; then\n    if [[ -n \"${CODE_SIGN_ENTITLEMENTS-}\" ]]; then\n      entitlementsArg=(--entitlements \"${CODE_SIGN_ENTITLEMENTS}\")\n    fi\n\n    echo Signing Identity: \\\"${EXPANDED_CODE_SIGN_IDENTITY_NAME}\\\"\n    echo Running codesign --verbose=4 --force --sign \\\"${EXPANDED_CODE_SIGN_IDENTITY}\\\" ${entitlementsArg[*]-} ${OTHER_CODE_SIGN_FLAGS-} \\\"${HOME}/Library/Audio/Plug-Ins/Components//${WRAPPER_NAME}\\\"\n    codesign --verbose=4 --force --sign \"${EXPANDED_CODE_SIGN_IDENTITY}\" ${entitlementsArg[*]-} ${OTHER_CODE_SIGN_FLAGS-} \"${HOME}/Library/Audio/Plug-Ins/Components//${WRAPPER_NAME}\"\n  fi\nfi\n\nif [[ \"${CONFIGURATION}\" == \"Release\" ]]; then\n  destinationPlugin=\"${HOME}/Library/Audio/Plug-Ins/Components//$(basename \"${TARGET_BUILD_DIR}/${WRAPPER_NAME}\")\"\n  echo Running rm -rf \\\"${destinationPlugin}\\\"\n  rm -rf \"${destinationPlugin}\"\n  echo Running ditto \\\"${TARGET_BUILD_DIR}/${WRAPPER_NAME}\\\" \\\"${destinationPlugin}\\\"\n  ditto \"${TARGET_BUILD_DIR}/${WRAPPER_NAME}\" \"${destinationPlugin}\"\n\n  if [[ -n \"${EXPANDED_CODE_SIGN_IDENTITY-}\" ]]; then\n    if [[ -n \"${CODE_SIGN_ENTITLEMENTS-}\" ]]; then\n      entitlementsArg=(--entitlements \"${CODE_SIGN_ENTITLEMENTS}\")\n    fi\n\n    echo Signing Identity: \\\"${EXPANDED_CODE_SIGN_IDENTITY_NAME}\\\"\n    echo Running codesign --verbose=4 --force --sign \\\"${EXPANDED_CODE_SIGN_IDENTITY}\\\" ${entitlementsArg[*]-} ${OTHER_CODE_SIGN_FLAGS-} \\\"${HOME}/Library/Audio/Plug-Ins/Components//${WRAPPER_NAME}\\\"\n    codesign --verbose=4 --force --sign \"${EXPANDED_CODE_SIGN_IDENTITY}\" ${entitlementsArg[*]-} ${OTHER_CODE_SIGN_FLAGS-} \"${HOME}/Library/Audio/Plug-Ins/Components//${WRAPPER_NAME}\"\n  fi\nfi\n";
		};
		BA6E65E84E6D731B282ABE14 /* Plugin Copy Step */ = {
			isa = PBXShellScriptBuildPhase;
			buildActionMask = 2147483647;
			files = (
			);
			runOnlyForDeploymentPostprocessing = 0;
			name = "Plugin Copy Step";
			alwaysOutOfDate = 1;
			shellPath = /bin/sh;
			shellScript = "set -euo pipefail\n\nif [[ \"${CONFIGURATION}\" == \"Debug\" ]]; then\n  destinationPlugin=\"${HOME}/Library/Audio/Plug-Ins/VST3//$(basename \"${TARGET_BUILD_DIR}/${WRAPPER_NAME}\")\"\n  echo Running rm -rf \\\"${destinationPlugin}\\\"\n  rm -rf \"${destinationPlugin}\"\n  echo Running ditto \\\"${TARGET_BUILD_DIR}/${WRAPPER_NAME}\\\" \\\"${destinationPlugin}\\\"\n  ditto \"${TARGET_BUILD_DIR}/${WRAPPER_NAME}\" \"${destinationPlugin}\"\n\n  if [[ -n \"${EXPANDED_CODE_SIGN_IDENTITY-}\" ]]; then\n    if [[ -n \"${CODE_SIGN_ENTITLEMENTS-}\" ]]; then\n      entitlementsArg=(--entitlements \"${CODE_SIGN_ENTITLEMENTS}\")\n    fi\n\n    echo Signing Identity: \\\"${EXPANDED_CODE_SIGN_IDENTITY_NAME}\\\"\n    echo Running codesign --verbose=4 --force --sign \\\"${EXPANDED_CODE_SIGN_IDENTITY}\\\" ${entitlementsArg[*]-} ${OTHER_CODE_SIGN_FLAGS-} \\\"${HOME}/Library/Audio/Plug-Ins/VST3//${WRAPPER_NAME}\\\"\n    codesign --verbose=4 --force --sign \"${EXPANDED_CODE_SIGN_IDENTITY}\" ${entitlementsArg[*]-} ${OTHER_CODE_SIGN_FLAGS-} \"${HOME}/Library/Audio/Plug-Ins/VST3//${WRAPPER_NAME}\"\n  fi\nfi\n\nif [[ \"${CONFIGURATION}\" == \"Release\" ]]; then\n  destinationPlugin=\"${HOME}/Library/Audio/Plug-Ins/VST3//$(basename \"${TARGET_BUILD_DIR}/${WRAPPER_NAME}\")\"\n  echo Running rm -rf \\\"${destinationPlugin}\\\"\n  rm -rf \"${destinationPlugin}\"\n  echo Running ditto \\\"${TARGET_BUILD_DIR}/${WRAPPER_NAME}\\\" \\\"${destinationPlugin}\\\"\n  ditto \"${TARGET_BUILD_DIR}/${WRAPPER_NAME}\" \"${destinationPlugin}\"\n\n  if [[ -n \"${EXPANDED_CODE_SIGN_IDENTITY-}\" ]]; then\n    if [[ -n \"${CODE_SIGN_ENTITLEMENTS-}\" ]]; then\n      entitlementsArg=(--entitlements \"${CODE_SIGN_ENTITLEMENTS}\")\n    fi\n\n    echo Signing Identity: \\\"${EXPANDED_CODE_SIGN_IDENTITY_NAME}\\\"\n    echo Running codesign --verbose=4 --force --sign \\\"${EXPANDED_CODE_SIGN_IDENTITY}\\\" ${entitlementsArg[*]-} ${OTHER_CODE_SIGN_FLAGS-} \\\"${HOME}/Library/Audio/Plug-Ins/VST3//${WRAPPER_NAME}\\\"\n    codesign --verbose=4 --force --sign \"${EXPANDED_CODE_SIGN_IDENTITY}\" ${entitlementsArg[*]-} ${OTHER_CODE_SIGN_FLAGS-} \"${HOME}/Library/Audio/Plug-Ins/VST3//${WRAPPER_NAME}\"\n  fi\nfi\n";
		};
/* End PBXShellScriptBuildPhase section */

/* Begin PBXSourcesBuildPhase section */
		1A885EB0003AA2193684B544 = {
			isa = PBXSourcesBuildPhase;
			buildActionMask = 2147483647;
			files = (
				EC1011CFE94D3691C485E45D,
			);
			runOnlyForDeploymentPostprocessing = 0;
		};
		2CA093C57A1F01CF952BEB28 = {
			isa = PBXSourcesBuildPhase;
			buildActionMask = 2147483647;
			files = (
				656632299D5EF20267F8997F,
			);
			runOnlyForDeploymentPostprocessing = 0;
		};
		A4515768574E505BCF84BF47 = {
			isa = PBXSourcesBuildPhase;
			buildActionMask = 2147483647;
			files = (
				6C0F2EE06C627EC8F7B10A95,
				9C1D358570EC85CDBBBEE8D6,
			);
			runOnlyForDeploymentPostprocessing = 0;
		};
		C648929D9EEE12306FEF94CD = {
			isa = PBXSourcesBuildPhase;
			buildActionMask = 2147483647;
			files = (
				32C0929D6A705B5978B292F6,
				321F397737E2E1D101A1C544,
				748636F3186CB324EB8FF192,
				C65440628F98C87FE7816BFC,
				32D064FBC743154FEF3179E4,
				E2552CCF54B1D0DF3B8C3B1F,
				B1A7437EE63DEE3704E21BC5,
				B0000B26F61B53766AE3C64A,
				37E3C6F775109A42CE9CFB50,
				4467969F59CDA27E7AEC58B3,
				127C3931A93CDF99D1BBC9C7,
				682C842C890B4E840E702F3C,
				B15DDC8B1610D806DC1881FB,
				C3BC425BD8366360816E09BE,
				71868DEEA3AF052CA5C885B4,
				5B8A99FB5CEE17A313273B9D,
				DDF4FCC6900A85DB136E134F,
				7AE96F540A2DAFCC54503439,
				6A0C40A76704DE7CB881FB18,
				B519B5F29A3C8E07A1504836,
				3433D06A84651920CC4A126D,
				374BD319C79CFC04444216BB,
			);
			runOnlyForDeploymentPostprocessing = 0;
		};
/* End PBXSourcesBuildPhase section */

/* Begin PBXTargetDependency section */
		0E5A02C02BA09B508173030C = {
			isa = PBXTargetDependency;
			target = 9EDD8CE47E0098E919922EEC;
		};
		33A52A0797F6359E3B675BBE = {
			isa = PBXTargetDependency;
			target = 76002ECAFB6A9BDFCC3ADC6B;
		};
		4A5EDAC1E0C669D2EE77B0D6 = {
			isa = PBXTargetDependency;
			target = 88352068467BAA42D922871C;
		};
		5EBBEDEEF1A97CA88FC25878 = {
			isa = PBXTargetDependency;
			target = 3BAE066133046FE9052B12FB;
		};
		66F5C612305109BDE130C9C1 = {
			isa = PBXTargetDependency;
			target = 88352068467BAA42D922871C;
		};
		A154C5C93AE2D3A344C82A1F = {
			isa = PBXTargetDependency;
			target = 88352068467BAA42D922871C;
		};
		E0E839EAFD1744BF8708CE4D = {
			isa = PBXTargetDependency;
			target = 76002ECAFB6A9BDFCC3ADC6B;
		};
/* End PBXTargetDependency section */

/* Begin XCBuildConfiguration section */
		30EBF9BD6BDB335ACB34523A /* Debug */ = {
			isa = XCBuildConfiguration;
			buildSettings = {
				MACOSX_DEPLOYMENT_TARGET = 10.13;
				SDKROOT = macosx;
			};
			name = Debug;
		};
		37A5DE006C28DBAF9075D249 /* Debug */ = {
			isa = XCBuildConfiguration;
			buildSettings = {
				CLANG_CXX_LANGUAGE_STANDARD = "c++17";
				CLANG_CXX_LIBRARY = "libc++";
				CLANG_LINK_OBJC_RUNTIME = NO;
				COMBINE_HIDPI_IMAGES = YES;
				CONFIGURATION_BUILD_DIR = "$(PROJECT_DIR)/build/$(CONFIGURATION)";
				COPY_PHASE_STRIP = NO;
				EXCLUDED_ARCHS = "";
				GCC_DYNAMIC_NO_PIC = NO;
				GCC_OPTIMIZATION_LEVEL = 0;
				GCC_PREPROCESSOR_DEFINITIONS = (
					"_DEBUG=1",
					"DEBUG=1",
					"JUCE_PROJUCER_VERSION=0x8000c",
					"JUCE_MODULE_AVAILABLE_juce_audio_basics=1",
					"JUCE_MODULE_AVAILABLE_juce_audio_devices=1",
					"JUCE_MODULE_AVAILABLE_juce_audio_formats=1",
					"JUCE_MODULE_AVAILABLE_juce_audio_plugin_client=1",
					"JUCE_MODULE_AVAILABLE_juce_audio_processors=1",
					"JUCE_MODULE_AVAILABLE_juce_audio_processors_headless=1",
					"JUCE_MODULE_AVAILABLE_juce_audio_utils=1",
					"JUCE_MODULE_AVAILABLE_juce_core=1",
					"JUCE_MODULE_AVAILABLE_juce_data_structures=1",
					"JUCE_MODULE_AVAILABLE_juce_dsp=1",
					"JUCE_MODULE_AVAILABLE_juce_events=1",
					"JUCE_MODULE_AVAILABLE_juce_graphics=1",
					"JUCE_MODULE_AVAILABLE_juce_gui_basics=1",
					"JUCE_MODULE_AVAILABLE_juce_gui_extra=1",
					"JUCE_GLOBAL_MODULE_SETTINGS_INCLUDED=1",
					"JUCE_VST3_CAN_REPLACE_VST2=0",
					"JUCE_STRICT_REFCOUNTEDPOINTER=1",
					"JucePlugin_Build_VST=0",
					"JucePlugin_Build_VST3=0",
					"JucePlugin_Build_AU=0",
					"JucePlugin_Build_AUv3=0",
					"JucePlugin_Build_AAX=0",
					"JucePlugin_Build_Standalone=0",
					"JucePlugin_Build_Unity=0",
					"JucePlugin_Build_LV2=0",
					"JucePlugin_Enable_IAA=0",
					"JucePlugin_Enable_ARA=0",
					"JucePlugin_Name=\\\"TapeWarm\\\"",
					"JucePlugin_Desc=\\\"Analog\\ tape\\ emulation\\ plugin\\\"",
					"JucePlugin_Manufacturer=\\\"Fletcher\\\"",
					"JucePlugin_ManufacturerWebsite=\\\"https://github.com/ianfletcher314/tapewarm\\\"",
					"JucePlugin_ManufacturerEmail=\\\"\\\"",
					"JucePlugin_ManufacturerCode=0x466c6574",
					"JucePlugin_PluginCode=0x5470776d",
					"JucePlugin_IsSynth=0",
					"JucePlugin_WantsMidiInput=0",
					"JucePlugin_ProducesMidiOutput=0",
					"JucePlugin_IsMidiEffect=0",
					"JucePlugin_EditorRequiresKeyboardFocus=0",
					"JucePlugin_Version=1.0.0",
					"JucePlugin_VersionCode=0x10000",
					"JucePlugin_VersionString=\\\"1.0.0\\\"",
					"JucePlugin_VSTUniqueID=JucePlugin_PluginCode",
					"JucePlugin_VSTCategory=kPlugCategEffect",
					"JucePlugin_Vst3Category=\\\"Fx\\\"",
					"JucePlugin_AUMainType=\\'aufx\\'",
					"JucePlugin_AUSubType=JucePlugin_PluginCode",
					"JucePlugin_AUExportPrefix=TapeWarmAU",
					"JucePlugin_AUExportPrefixQuoted=\\\"TapeWarmAU\\\"",
					"JucePlugin_AUManufacturerCode=JucePlugin_ManufacturerCode",
					"JucePlugin_CFBundleIdentifier=com.Fletcher.TapeWarm",
					"JucePlugin_AAXIdentifier=com.Fletcher.TapeWarm",
					"JucePlugin_AAXManufacturerCode=JucePlugin_ManufacturerCode",
					"JucePlugin_AAXProductId=JucePlugin_PluginCode",
					"JucePlugin_AAXCategory=0",
					"JucePlugin_AAXDisableBypass=0",
					"JucePlugin_AAXDisableMultiMono=0",
					"JucePlugin_IAAType=0x61757278",
					"JucePlugin_IAASubType=JucePlugin_PluginCode",
					"JucePlugin_IAAName=\\\"Fletcher:\\ TapeWarm\\\"",
					"JucePlugin_VSTNumMidiInputs=16",
					"JucePlugin_VSTNumMidiOutputs=16",
					"JucePlugin_ARAContentTypes=0",
					"JucePlugin_ARATransformationFlags=0",
					"JucePlugin_ARAFactoryID=\\\"com.Fletcher.TapeWarm.factory\\\"",
					"JucePlugin_ARADocumentArchiveID=\\\"com.Fletcher.TapeWarm.aradocumentarchive.1.0.0\\\"",
					"JucePlugin_ARACompatibleArchiveIDs=\\\"\\\"",
					"JUCE_STANDALONE_APPLICATION=JucePlugin_Build_Standalone",
					"JUCER_XCODE_MAC_F6D2F4CF=1",
					"JUCE_APP_VERSION=1.0.0",
					"JUCE_APP_VERSION_HEX=0x10000",
				);
				GCC_VERSION = com.apple.compilers.llvm.clang.1_0;
				HEADER_SEARCH_PATHS = (
					"/Users/ianfletcher/JUCE/modules/juce_audio_processors_headless/format_types/VST3_SDK",
					"$(SRCROOT)/../../JuceLibraryCode",
					"/Users/ianfletcher/JUCE/modules",
					"/Users/ianfletcher/JUCE/modules/juce_audio_plugin_client/AU",
					"$(inherited)",
				);
				INFOPLIST_FILE = Info-VST3_Manifest_Helper.plist;
				INFOPLIST_PREPROCESS = NO;
				MACOSX_DEPLOYMENT_TARGET = 10.13;
				MTL_HEADER_SEARCH_PATHS = "/Users/ianfletcher/JUCE/modules/juce_audio_processors_headless/format_types/VST3_SDK $(SRCROOT)/../../JuceLibraryCode /Users/ianfletcher/JUCE/modules /Users/ianfletcher/JUCE/modules/juce_audio_plugin_client/AU";
				OTHER_CFLAGS = "-Wall -Wextra";
				OTHER_CPLUSPLUSFLAGS = "-Wall -Wextra";
				PRODUCT_BUNDLE_IDENTIFIER = com.Fletcher.TapeWarm;
				PRODUCT_NAME = "juce_vst3_helper";
				USE_HEADERMAP = NO;
				VALID_ARCHS = "i386 x86_64 arm64 arm64e";
			};
			name = Debug;
		};
		8B050F560B188A59965EEF73 /* Release */ = {
			isa = XCBuildConfiguration;
			buildSettings = {
				CLANG_CXX_LANGUAGE_STANDARD = "c++17";
				CLANG_CXX_LIBRARY = "libc++";
				CLANG_LINK_OBJC_RUNTIME = NO;
				COMBINE_HIDPI_IMAGES = YES;
				CONFIGURATION_BUILD_DIR = "$(PROJECT_DIR)/build/$(CONFIGURATION)";
				DEAD_CODE_STRIPPING = YES;
				EXCLUDED_ARCHS = "";
				GCC_GENERATE_DEBUGGING_SYMBOLS = NO;
				GCC_OPTIMIZATION_LEVEL = 3;
				GCC_PREPROCESSOR_DEFINITIONS = (
					"_NDEBUG=1",
					"NDEBUG=1",
					"JUCE_PROJUCER_VERSION=0x8000c",
					"JUCE_MODULE_AVAILABLE_juce_audio_basics=1",
					"JUCE_MODULE_AVAILABLE_juce_audio_devices=1",
					"JUCE_MODULE_AVAILABLE_juce_audio_formats=1",
					"JUCE_MODULE_AVAILABLE_juce_audio_plugin_client=1",
					"JUCE_MODULE_AVAILABLE_juce_audio_processors=1",
					"JUCE_MODULE_AVAILABLE_juce_audio_processors_headless=1",
					"JUCE_MODULE_AVAILABLE_juce_audio_utils=1",
					"JUCE_MODULE_AVAILABLE_juce_core=1",
					"JUCE_MODULE_AVAILABLE_juce_data_structures=1",
					"JUCE_MODULE_AVAILABLE_juce_dsp=1",
					"JUCE_MODULE_AVAILABLE_juce_events=1",
					"JUCE_MODULE_AVAILABLE_juce_graphics=1",
					"JUCE_MODULE_AVAILABLE_juce_gui_basics=1",
					"JUCE_MODULE_AVAILABLE_juce_gui_extra=1",
					"JUCE_GLOBAL_MODULE_SETTINGS_INCLUDED=1",
					"JUCE_VST3_CAN_REPLACE_VST2=0",
					"JUCE_STRICT_REFCOUNTEDPOINTER=1",
					"JucePlugin_Build_VST=0",
					"JucePlugin_Build_VST3=0",
					"JucePlugin_Build_AU=1",
					"JucePlugin_Build_AUv3=0",
					"JucePlugin_Build_AAX=0",
					"JucePlugin_Build_Standalone=0",
					"JucePlugin_Build_Unity=0",
					"JucePlugin_Build_LV2=0",
					"JucePlugin_Enable_IAA=0",
					"JucePlugin_Enable_ARA=0",
					"JucePlugin_Name=\\\"TapeWarm\\\"",
					"JucePlugin_Desc=\\\"Analog\\ tape\\ emulation\\ plugin\\\"",
					"JucePlugin_Manufacturer=\\\"Fletcher\\\"",
					"JucePlugin_ManufacturerWebsite=\\\"https://github.com/ianfletcher314/tapewarm\\\"",
					"JucePlugin_ManufacturerEmail=\\\"\\\"",
					"JucePlugin_ManufacturerCode=0x466c6574",
					"JucePlugin_PluginCode=0x5470776d",
					"JucePlugin_IsSynth=0",
					"JucePlugin_WantsMidiInput=0",
					"JucePlugin_ProducesMidiOutput=0",
					"JucePlugin_IsMidiEffect=0",
					"JucePlugin_EditorRequiresKeyboardFocus=0",
					"JucePlugin_Version=1.0.0",
					"JucePlugin_VersionCode=0x10000",
					"JucePlugin_VersionString=\\\"1.0.0\\\"",
					"JucePlugin_VSTUniqueID=JucePlugin_PluginCode",
					"JucePlugin_VSTCategory=kPlugCategEffect",
					"JucePlugin_Vst3Category=\\\"Fx\\\"",
					"JucePlugin_AUMainType=\\'aufx\\'",
					"JucePlugin_AUSubType=JucePlugin_PluginCode",
					"JucePlugin_AUExportPrefix=TapeWarmAU",
					"JucePlugin_AUExportPrefixQuoted=\\\"TapeWarmAU\\\"",
					"JucePlugin_AUManufacturerCode=JucePlugin_ManufacturerCode",
					"JucePlugin_CFBundleIdentifier=com.Fletcher.TapeWarm",
					"JucePlugin_AAXIdentifier=com.Fletcher.TapeWarm",
					"JucePlugin_AAXManufacturerCode=JucePlugin_ManufacturerCode",
					"JucePlugin_AAXProductId=JucePlugin_PluginCode",
					"JucePlugin_AAXCategory=0",
					"JucePlugin_AAXDisableBypass=0",
					"JucePlugin_AAXDisableMultiMono=0",
					"JucePlugin_IAAType=0x61757278",
					"JucePlugin_IAASubType=JucePlugin_PluginCode",
					"JucePlugin_IAAName=\\\"Fletcher:\\ TapeWarm\\\"",
					"JucePlugin_VSTNumMidiInputs=16",
					"JucePlugin_VSTNumMidiOutputs=16",
					"JucePlugin_ARAContentTypes=0",
					"JucePlugin_ARATransformationFlags=0",
					"JucePlugin_ARAFactoryID=\\\"com.Fletcher.TapeWarm.factory\\\"",
					"JucePlugin_ARADocumentArchiveID=\\\"com.Fletcher.TapeWarm.aradocumentarchive.1.0.0\\\"",
					"JucePlugin_ARACompatibleArchiveIDs=\\\"\\\"",
					"JUCE_STANDALONE_APPLICATION=JucePlugin_Build_Standalone",
					"JUCER_XCODE_MAC_F6D2F4CF=1",
					"JUCE_APP_VERSION=1.0.0",
					"JUCE_APP_VERSION_HEX=0x10000",
				);
				GCC_VERSION = com.apple.compilers.llvm.clang.1_0;
				GENERATE_PKGINFO_FILE = YES;
				HEADER_SEARCH_PATHS = (
					"/Users/ianfletcher/JUCE/modules/juce_audio_processors_headless/format_types/VST3_SDK",
					"$(SRCROOT)/../../JuceLibraryCode",
					"/Users/ianfletcher/JUCE/modules",
					"/Users/ianfletcher/JUCE/modules/juce_audio_plugin_client/AU",
					"$(inherited)",
				);
				INFOPLIST_FILE = Info-AU.plist;
				INFOPLIST_PREPROCESS = NO;
				INSTALL_PATH = "$(HOME)/Library/Audio/Plug-Ins/Components/";
				LIBRARY_STYLE = Bundle;
				LLVM_LTO = YES;
				MACOSX_DEPLOYMENT_TARGET = 10.13;
				MTL_HEADER_SEARCH_PATHS = "/Users/ianfletcher/JUCE/modules/juce_audio_processors_headless/format_types/VST3_SDK $(SRCROOT)/../../JuceLibraryCode /Users/ianfletcher/JUCE/modules /Users/ianfletcher/JUCE/modules/juce_audio_plugin_client/AU";
				OTHER_CFLAGS = "-Wall -Wextra";
				OTHER_CPLUSPLUSFLAGS = "-Wall -Wextra";
				OTHER_LDFLAGS = "-bundle -lTapeWarm";
				OTHER_REZFLAGS = "-d ppc_$ppc -d i386_$i386 -d ppc64_$ppc64 -d x86_64_$x86_64 -d arm64_$arm64 -I /System/Library/Frameworks/CoreServices.framework/Frameworks/CarbonCore.framework/Versions/A/Headers -I \"$(DEVELOPER_DIR)/Extras/CoreAudio/AudioUnits/AUPublic/AUBase\" -I \"$(DEVELOPER_DIR)/Platforms/MacOSX.platform/Developer/SDKs/MacOSX.sdk/System/Library/Frameworks/AudioUnit.framework/Headers\"";
				PRODUCT_BUNDLE_IDENTIFIER = com.Fletcher.TapeWarm;
				PRODUCT_NAME = "TapeWarm";
				USE_HEADERMAP = NO;
				VALID_ARCHS = "i386 x86_64 arm64 arm64e";
				WRAPPER_EXTENSION = component;
			};
			name = Release;
		};
		8F517679287D42A3611F935B /* Release */ = {
			isa = XCBuildConfiguration;
			buildSettings = {
				CLANG_CXX_LANGUAGE_STANDARD = "c++17";
				CLANG_CXX_LIBRARY = "libc++";
				CLANG_LINK_OBJC_RUNTIME = NO;
				COMBINE_HIDPI_IMAGES = YES;
				CONFIGURATION_BUILD_DIR = "$(PROJECT_DIR)/build/$(CONFIGURATION)";
				DEAD_CODE_STRIPPING = YES;
				EXCLUDED_ARCHS = "";
				GCC_GENERATE_DEBUGGING_SYMBOLS = NO;
				GCC_OPTIMIZATION_LEVEL = 3;
				GCC_PREPROCESSOR_DEFINITIONS = (
					"_NDEBUG=1",
					"NDEBUG=1",
					"JUCE_PROJUCER_VERSION=0x8000c",
					"JUCE_MODULE_AVAILABLE_juce_audio_basics=1",
					"JUCE_MODULE_AVAILABLE_juce_audio_devices=1",
					"JUCE_MODULE_AVAILABLE_juce_audio_formats=1",
					"JUCE_MODULE_AVAILABLE_juce_audio_plugin_client=1",
					"JUCE_MODULE_AVAILABLE_juce_audio_processors=1",
					"JUCE_MODULE_AVAILABLE_juce_audio_processors_headless=1",
					"JUCE_MODULE_AVAILABLE_juce_audio_utils=1",
					"JUCE_MODULE_AVAILABLE_juce_core=1",
					"JUCE_MODULE_AVAILABLE_juce_data_structures=1",
					"JUCE_MODULE_AVAILABLE_juce_dsp=1",
					"JUCE_MODULE_AVAILABLE_juce_events=1",
					"JUCE_MODULE_AVAILABLE_juce_graphics=1",
					"JUCE_MODULE_AVAILABLE_juce_gui_basics=1",
					"JUCE_MODULE_AVAILABLE_juce_gui_extra=1",
					"JUCE_GLOBAL_MODULE_SETTINGS_INCLUDED=1",
					"JUCE_VST3_CAN_REPLACE_VST2=0",
					"JUCE_STRICT_REFCOUNTEDPOINTER=1",
					"JucePlugin_Build_VST=0",
					"JucePlugin_Build_VST3=0",
					"JucePlugin_Build_AU=0",
					"JucePlugin_Build_AUv3=0",
					"JucePlugin_Build_AAX=0",
					"JucePlugin_Build_Standalone=0",
					"JucePlugin_Build_Unity=0",
					"JucePlugin_Build_LV2=0",
					"JucePlugin_Enable_IAA=0",
					"JucePlugin_Enable_ARA=0",
					"JucePlugin_Name=\\\"TapeWarm\\\"",
					"JucePlugin_Desc=\\\"Analog\\ tape\\ emulation\\ plugin\\\"",
					"JucePlugin_Manufacturer=\\\"Fletcher\\\"",
					"JucePlugin_ManufacturerWebsite=\\\"https://github.com/ianfletcher314/tapewarm\\\"",
					"JucePlugin_ManufacturerEmail=\\\"\\\"",
					"JucePlugin_ManufacturerCode=0x466c6574",
					"JucePlugin_PluginCode=0x5470776d",
					"JucePlugin_IsSynth=0",
					"JucePlugin_WantsMidiInput=0",
					"JucePlugin_ProducesMidiOutput=0",
					"JucePlugin_IsMidiEffect=0",
					"JucePlugin_EditorRequiresKeyboardFocus=0",
					"JucePlugin_Version=1.0.0",
					"JucePlugin_VersionCode=0x10000",
					"JucePlugin_VersionString=\\\"1.0.0\\\"",
					"JucePlugin_VSTUniqueID=JucePlugin_PluginCode",
					"JucePlugin_VSTCategory=kPlugCategEffect",
					"JucePlugin_Vst3Category=\\\"Fx\\\"",
					"JucePlugin_AUMainType=\\'aufx\\'",
					"JucePlugin_AUSubType=JucePlugin_PluginCode",
					"JucePlugin_AUExportPrefix=TapeWarmAU",
					"JucePlugin_AUExportPrefixQuoted=\\\"TapeWarmAU\\\"",
					"JucePlugin_AUManufacturerCode=JucePlugin_ManufacturerCode",
					"JucePlugin_CFBundleIdentifier=com.Fletcher.TapeWarm",
					"JucePlugin_AAXIdentifier=com.Fletcher.TapeWarm",
					"JucePlugin_AAXManufacturerCode=JucePlugin_ManufacturerCode",
					"JucePlugin_AAXProductId=JucePlugin_PluginCode",
					"JucePlugin_AAXCategory=0",
					"JucePlugin_AAXDisableBypass=0",
					"JucePlugin_AAXDisableMultiMono=0",
					"JucePlugin_IAAType=0x61757278",
					"JucePlugin_IAASubType=JucePlugin_PluginCode",
					"JucePlugin_IAAName=\\\"Fletcher:\\ TapeWarm\\\"",
					"JucePlugin_VSTNumMidiInputs=16",
					"JucePlugin_VSTNumMidiOutputs=16",
					"JucePlugin_ARAContentTypes=0",
					"JucePlugin_ARATransformationFlags=0",
					"JucePlugin_ARAFactoryID=\\\"com.Fletcher.TapeWarm.factory\\\"",
					"JucePlugin_ARADocumentArchiveID=\\\"com.Fletcher.TapeWarm.aradocumentarchive.1.0.0\\\"",
					"JucePlugin_ARACompatibleArchiveIDs=\\\"\\\"",
					"JUCE_STANDALONE_APPLICATION=JucePlugin_Build_Standalone",
					"JUCER_XCODE_MAC_F6D2F4CF=1",
					"JUCE_APP_VERSION=1.0.0",
					"JUCE_APP_VERSION_HEX=0x10000",
				);
				GCC_VERSION = com.apple.compilers.llvm.clang.1_0;
				HEADER_SEARCH_PATHS = (
					"/Users/ianfletcher/JUCE/modules/juce_audio_processors_headless/format_types/VST3_SDK",
					"$(SRCROOT)/../../JuceLibraryCode",
					"/Users/ianfletcher/JUCE/modules",
					"/Users/ianfletcher/JUCE/modules/juce_audio_plugin_client/AU",
					"$(inherited)",
				);
				INFOPLIST_FILE = Info-VST3_Manifest_Helper.plist;
				INFOPLIST_PREPROCESS = NO;
				LLVM_LTO = YES;
				MACOSX_DEPLOYMENT_TARGET = 10.13;
				MTL_HEADER_SEARCH_PATHS = "/Users/ianfletcher/JUCE/modules/juce_audio_processors_headless/format_types/VST3_SDK $(SRCROOT)/../../JuceLibraryCode /Users/ianfletcher/JUCE/modules /Users/ianfletcher/JUCE/modules/juce_audio_plugin_client/AU";
				OTHER_CFLAGS = "-Wall -Wextra";
				OTHER_CPLUSPLUSFLAGS = "-Wall -Wextra";
				PRODUCT_BUNDLE_IDENTIFIER = com.Fletcher.TapeWarm;
				PRODUCT_NAME = "juce_vst3_helper";
				USE_HEADERMAP = NO;
				VALID_ARCHS = "i386 x86_64 arm64 arm64e";
			};
			name = Release;
		};
		96C7DB8D9E1395A5F2B36774 /* Debug */ = {
			isa = XCBuildConfiguration;
			buildSettings = {
				ALWAYS_SEARCH_USER_PATHS = NO;
				CLANG_ENABLE_OBJC_WEAK = YES;
				CLANG_WARN_BLOCK_CAPTURE_AUTORELEASING = YES;
				CLANG_WARN_BOOL_CONVERSION = YES;
				CLANG_WARN_COMMA = YES;
				CLANG_WARN_CONSTANT_CONVERSION = YES;
				CLANG_WARN_DEPRECATED_OBJC_IMPLEMENTATIONS = YES;
				CLANG_WARN_EMPTY_BODY = YES;
				CLANG_WARN_ENUM_CONVERSION = YES;
				CLANG_WARN_INFINITE_RECURSION = YES;
				CLANG_WARN_INT_CONVERSION = YES;
				CLANG_WARN_NON_LITERAL_NULL_CONVERSION = YES;
				CLANG_WARN_OBJC_IMPLICIT_RETAIN_SELF = YES;
				CLANG_WARN_OBJC_LITERAL_CONVERSION = YES;
				CLANG_WARN_RANGE_LOOP_ANALYSIS = YES;
				CLANG_WARN_STRICT_PROTOTYPES = YES;
				CLANG_WARN_SUSPICIOUS_MOVE = YES;
				CLANG_WARN_UNREACHABLE_CODE = YES;
				CLANG_WARN__DUPLICATE_METHOD_MATCH = YES;
				DEBUG_INFORMATION_FORMAT = dwarf;
				ENABLE_STRICT_OBJC_MSGSEND = YES;
				ENABLE_TESTABILITY = NO;
				GCC_C_LANGUAGE_STANDARD = c11;
				GCC_INLINES_ARE_PRIVATE_EXTERN = YES;
				GCC_MODEL_TUNING = G5;
				GCC_NO_COMMON_BLOCKS = YES;
				GCC_SYMBOLS_PRIVATE_EXTERN = YES;
				GCC_WARN_64_TO_32_BIT_CONVERSION = YES;
				GCC_WARN_ABOUT_RETURN_TYPE = YES;
				GCC_WARN_CHECK_SWITCH_STATEMENTS = YES;
				GCC_WARN_MISSING_PARENTHESES = YES;
				GCC_WARN_NON_VIRTUAL_DESTRUCTOR = YES;
				GCC_WARN_TYPECHECK_CALLS_TO_PRINTF = YES;
				GCC_WARN_UNDECLARED_SELECTOR = YES;
				GCC_WARN_UNINITIALIZED_AUTOS = YES;
				GCC_WARN_UNUSED_FUNCTION = YES;
				GCC_WARN_UNUSED_VARIABLE = YES;
				ONLY_ACTIVE_ARCH = YES;
				OTHER_CODE_SIGN_FLAGS = --timestamp;
				PRODUCT_NAME = "TapeWarm";
				SDKROOT = macosx;
				WARNING_CFLAGS = "-Wreorder";
				ZERO_LINK = NO;
			};
			name = Debug;
		};
		B4A0C36525179E0F06E5F3C5 /* Release */ = {
			isa = XCBuildConfiguration;
			buildSettings = {
				CLANG_CXX_LANGUAGE_STANDARD = "c++17";
				CLANG_CXX_LIBRARY = "libc++";
				CLANG_LINK_OBJC_RUNTIME = NO;
				COMBINE_HIDPI_IMAGES = YES;
				CONFIGURATION_BUILD_DIR = "$(PROJECT_DIR)/build/$(CONFIGURATION)";
				DEAD_CODE_STRIPPING = YES;
				EXCLUDED_ARCHS = "";
				GCC_GENERATE_DEBUGGING_SYMBOLS = NO;
				GCC_OPTIMIZATION_LEVEL = 3;
				GCC_PREPROCESSOR_DEFINITIONS = (
					"_NDEBUG=1",
					"NDEBUG=1",
					"JUCE_PROJUCER_VERSION=0x8000c",
					"JUCE_MODULE_AVAILABLE_juce_audio_basics=1",
					"JUCE_MODULE_AVAILABLE_juce_audio_devices=1",
					"JUCE_MODULE_AVAILABLE_juce_audio_formats=1",
					"JUCE_MODULE_AVAILABLE_juce_audio_plugin_client=1",
					"JUCE_MODULE_AVAILABLE_juce_audio_processors=1",
					"JUCE_MODULE_AVAILABLE_juce_audio_processors_headless=1",
					"JUCE_MODULE_AVAILABLE_juce_audio_utils=1",
					"JUCE_MODULE_AVAILABLE_juce_core=1",
					"JUCE_MODULE_AVAILABLE_juce_data_structures=1",
					"JUCE_MODULE_AVAILABLE_juce_dsp=1",
					"JUCE_MODULE_AVAILABLE_juce_events=1",
					"JUCE_MODULE_AVAILABLE_juce_graphics=1",
					"JUCE_MODULE_AVAILABLE_juce_gui_basics=1",
					"JUCE_MODULE_AVAILABLE_juce_gui_extra=1",
					"JUCE_GLOBAL_MODULE_SETTINGS_INCLUDED=1",
					"JUCE_VST3_CAN_REPLACE_VST2=0",
					"JUCE_STRICT_REFCOUNTEDPOINTER=1",
					"JucePlugin_Build_VST=0",
					"JucePlugin_Build_VST3=1",
					"JucePlugin_Build_AU=0",
					"JucePlugin_Build_AUv3=0",
					"JucePlugin_Build_AAX=0",
					"JucePlugin_Build_Standalone=0",
					"JucePlugin_Build_Unity=0",
					"JucePlugin_Build_LV2=0",
					"JucePlugin_Enable_IAA=0",
					"JucePlugin_Enable_ARA=0",
					"JucePlugin_Name=\\\"TapeWarm\\\"",
					"JucePlugin_Desc=\\\"Analog\\ tape\\ emulation\\ plugin\\\"",
					"JucePlugin_Manufacturer=\\\"Fletcher\\\"",
					"JucePlugin_ManufacturerWebsite=\\\"https://github.com/ianfletcher314/tapewarm\\\"",
					"JucePlugin_ManufacturerEmail=\\\"\\\"",
					"JucePlugin_ManufacturerCode=0x466c6574",
					"JucePlugin_PluginCode=0x5470776d",
					"JucePlugin_IsSynth=0",
					"JucePlugin_WantsMidiInput=0",
					"JucePlugin_ProducesMidiOutput=0",
					"JucePlugin_IsMidiEffect=0",
					"JucePlugin_EditorRequiresKeyboardFocus=0",
					"JucePlugin_Version=1.0.0",
					"JucePlugin_VersionCode=0x10000",
					"JucePlugin_VersionString=\\\"1.0.0\\\"",
					"JucePlugin_VSTUniqueID=JucePlugin_PluginCode",
					"JucePlugin_VSTCategory=kPlugCategEffect",
					"JucePlugin_Vst3Category=\\\"Fx\\\"",
					"JucePlugin_AUMainType=\\'aufx\\'",
					"JucePlugin_AUSubType=JucePlugin_PluginCode",
					"JucePlugin_AUExportPrefix=TapeWarmAU",
					"JucePlugin_AUExportPrefixQuoted=\\\"TapeWarmAU\\\"",
					"JucePlugin_AUManufacturerCode=JucePlugin_ManufacturerCode",
					"JucePlugin_CFBundleIdentifier=com.Fletcher.TapeWarm",
					"JucePlugin_AAXIdentifier=com.Fletcher.TapeWarm",
					"JucePlugin_AAXManufacturerCode=JucePlugin_ManufacturerCode",
					"JucePlugin_AAXProductId=JucePlugin_PluginCode",
					"JucePlugin_AAXCategory=0",
					"JucePlugin_AAXDisableBypass=0",
					"JucePlugin_AAXDisableMultiMono=0",
					"JucePlugin_IAAType=0x61757278",
					"JucePlugin_IAASubType=JucePlugin_PluginCode",
					"JucePlugin_IAAName=\\\"Fletcher:\\ TapeWarm\\\"",
					"JucePlugin_VSTNumMidiInputs=16",
					"JucePlugin_VSTNumMidiOutputs=16",
					"JucePlugin_ARAContentTypes=0",
					"JucePlugin_ARATransformationFlags=0",
					"JucePlugin_ARAFactoryID=\\\"com.Fletcher.TapeWarm.factory\\\"",
					"JucePlugin_ARADocumentArchiveID=\\\"com.Fletcher.TapeWarm.aradocumentarchive.1.0.0\\\"",
					"JucePlugin_ARACompatibleArchiveIDs=\\\"\\\"",
					"JUCE_STANDALONE_APPLICATION=JucePlugin_Build_Standalone",
					"JUCER_XCODE_MAC_F6D2F4CF=1",
					"JUCE_APP_VERSION=1.0.0",
					"JUCE_APP_VERSION_HEX=0x10000",
				);
				GCC_VERSION = com.apple.compilers.llvm.clang.1_0;
				GENERATE_PKGINFO_FILE = YES;
				HEADER_SEARCH_PATHS = (
					"/Users/ianfletcher/JUCE/modules/juce_audio_processors_headless/format_types/VST3_SDK",
					"$(SRCROOT)/../../JuceLibraryCode",
					"/Users/ianfletcher/JUCE/modules",
					"/Users/ianfletcher/JUCE/modules/juce_audio_plugin_client/AU",
					"$(inherited)",
				);
				INFOPLIST_FILE = Info-VST3.plist;
				INFOPLIST_PREPROCESS = NO;
				INSTALL_PATH = "$(HOME)/Library/Audio/Plug-Ins/VST3/";
				LIBRARY_STYLE = Bundle;
				LLVM_LTO = YES;
				MACOSX_DEPLOYMENT_TARGET = 10.13;
				MTL_HEADER_SEARCH_PATHS = "/Users/ianfletcher/JUCE/modules/juce_audio_processors_headless/format_types/VST3_SDK $(SRCROOT)/../../JuceLibraryCode /Users/ianfletcher/JUCE/modules /Users/ianfletcher/JUCE/modules/juce_audio_plugin_client/AU";
				OTHER_CFLAGS = "-Wall -Wextra";
				OTHER_CPLUSPLUSFLAGS = "-Wall -Wextra";
				OTHER_LDFLAGS = "-bundle -lTapeWarm";
				PRODUCT_BUNDLE_IDENTIFIER = com.Fletcher.TapeWarm;
				PRODUCT_NAME = "TapeWarm";
				USE_HEADERMAP = NO;
				VALID_ARCHS = "i386 x86_64 arm64 arm64e";
				WRAPPER_EXTENSION = vst3;
			};
			name = Release;
		};
		BB3B49A46734DB1D4D4ED738 /* Release */ = {
			isa = XCBuildConfiguration;
			buildSettings = {
				ALWAYS_SEARCH_USER_PATHS = NO;
				CLANG_ENABLE_OBJC_WEAK = YES;
				CLANG_WARN_BLOCK_CAPTURE_AUTORELEASING = YES;
				CLANG_WARN_BOOL_CONVERSION = YES;
				CLANG_WARN_COMMA = YES;
				CLANG_WARN_CONSTANT_CONVERSION = YES;
				CLANG_WARN_DEPRECATED_OBJC_IMPLEMENTATIONS = YES;
				CLANG_WARN_EMPTY_BODY = YES;
				CLANG_WARN_ENUM_CONVERSION = YES;
				CLANG_WARN_INFINITE_RECURSION = YES;
				CLANG_WARN_INT_CONVERSION = YES;
				CLANG_WARN_NON_LITERAL_NULL_CONVERSION = YES;
				CLANG_WARN_OBJC_IMPLICIT_RETAIN_SELF = YES;
				CLANG_WARN_OBJC_LITERAL_CONVERSION = YES;
				CLANG_WARN_RANGE_LOOP_ANALYSIS = YES;
				CLANG_WARN_STRICT_PROTOTYPES = YES;
				CLANG_WARN_SUSPICIOUS_MOVE = YES;
				CLANG_WARN_UNREACHABLE_CODE = YES;
				CLANG_WARN__DUPLICATE_METHOD_MATCH = YES;
				DEBUG_INFORMATION_FORMAT = dwarf;
				ENABLE_STRICT_OBJC_MSGSEND = YES;
				ENABLE_TESTABILITY = NO;
				GCC_C_LANGUAGE_STANDARD = c11;
				GCC_INLINES_ARE_PRIVATE_EXTERN = YES;
				GCC_MODEL_TUNING = G5;
				GCC_NO_COMMON_BLOCKS = YES;
				GCC_SYMBOLS_PRIVATE_EXTERN = YES;
				GCC_WARN_64_TO_32_BIT_CONVERSION = YES;
				GCC_WARN_ABOUT_RETURN_TYPE = YES;
				GCC_WARN_CHECK_SWITCH_STATEMENTS = YES;
				GCC_WARN_MISSING_PARENTHESES = YES;
				GCC_WARN_NON_VIRTUAL_DESTRUCTOR = YES;
				GCC_WARN_TYPECHECK_CALLS_TO_PRINTF = YES;
				GCC_WARN_UNDECLARED_SELECTOR = YES;
				GCC_WARN_UNINITIALIZED_AUTOS = YES;
				GCC_WARN_UNUSED_FUNCTION = YES;
				GCC_WARN_UNUSED_VARIABLE = YES;
				OTHER_CODE_SIGN_FLAGS = --timestamp;
				PRODUCT_NAME = "TapeWarm";
				SDKROOT = macosx;
				WARNING_CFLAGS = "-Wreorder";
				ZERO_LINK = NO;
			};
			name = Release;
		};
		BF9DFE1F9548AE6A6BBB4268 /* Debug */ = {
			isa = XCBuildConfiguration;
			buildSettings = {
				CLANG_CXX_LANGUAGE_STANDARD = "c++17";
				CLANG_CXX_LIBRARY = "libc++";
				CLANG_LINK_OBJC_RUNTIME = NO;
				COMBINE_HIDPI_IMAGES = YES;
				CONFIGURATION_BUILD_DIR = "$(PROJECT_DIR)/build/$(CONFIGURATION)";
				COPY_PHASE_STRIP = NO;
				EXCLUDED_ARCHS = "";
				GCC_DYNAMIC_NO_PIC = NO;
				GCC_OPTIMIZATION_LEVEL = 0;
				GCC_PREPROCESSOR_DEFINITIONS = (
					"_DEBUG=1",
					"DEBUG=1",
					"JUCE_PROJUCER_VERSION=0x8000c",
					"JUCE_MODULE_AVAILABLE_juce_audio_basics=1",
					"JUCE_MODULE_AVAILABLE_juce_audio_devices=1",
					"JUCE_MODULE_AVAILABLE_juce_audio_formats=1",
					"JUCE_MODULE_AVAILABLE_juce_audio_plugin_client=1",
					"JUCE_MODULE_AVAILABLE_juce_audio_processors=1",
					"JUCE_MODULE_AVAILABLE_juce_audio_processors_headless=1",
					"JUCE_MODULE_AVAILABLE_juce_audio_utils=1",
					"JUCE_MODULE_AVAILABLE_juce_core=1",
					"JUCE_MODULE_AVAILABLE_juce_data_structures=1",
					"JUCE_MODULE_AVAILABLE_juce_dsp=1",
					"JUCE_MODULE_AVAILABLE_juce_events=1",
					"JUCE_MODULE_AVAILABLE_juce_graphics=1",
					"JUCE_MODULE_AVAILABLE_juce_gui_basics=1",
					"JUCE_MODULE_AVAILABLE_juce_gui_extra=1",
					"JUCE_GLOBAL_MODULE_SETTINGS_INCLUDED=1",
					"JUCE_VST3_CAN_REPLACE_VST2=0",
					"JUCE_STRICT_REFCOUNTEDPOINTER=1",
					"JucePlugin_Build_VST=0",
					"JucePlugin_Build_VST3=1",
					"JucePlugin_Build_AU=0",
					"JucePlugin_Build_AUv3=0",
					"JucePlugin_Build_AAX=0",
					"JucePlugin_Build_Standalone=0",
					"JucePlugin_Build_Unity=0",
					"JucePlugin_Build_LV2=0",
					"JucePlugin_Enable_IAA=0",
					"JucePlugin_Enable_ARA=0",
					"JucePlugin_Name=\\\"TapeWarm\\\"",
					"JucePlugin_Desc=\\\"Analog\\ tape\\ emulation\\ plugin\\\"",
					"JucePlugin_Manufacturer=\\\"Fletcher\\\"",
					"JucePlugin_ManufacturerWebsite=\\\"https://github.com/ianfletcher314/tapewarm\\\"",
					"JucePlugin_ManufacturerEmail=\\\"\\\"",
					"JucePlugin_ManufacturerCode=0x466c6574",
					"JucePlugin_PluginCode=0x5470776d",
					"JucePlugin_IsSynth=0",
					"JucePlugin_WantsMidiInput=0",
					"JucePlugin_ProducesMidiOutput=0",
					"JucePlugin_IsMidiEffect=0",
					"JucePlugin_EditorRequiresKeyboardFocus=0",
					"JucePlugin_Version=1.0.0",
					"JucePlugin_VersionCode=0x10000",
					"JucePlugin_VersionString=\\\"1.0.0\\\"",
					"JucePlugin_VSTUniqueID=JucePlugin_PluginCode",
					"JucePlugin_VSTCategory=kPlugCategEffect",
					"JucePlugin_Vst3Category=\\\"Fx\\\"",
					"JucePlugin_AUMainType=\\'aufx\\'",
					"JucePlugin_AUSubType=JucePlugin_PluginCode",
					"JucePlugin_AUExportPrefix=TapeWarmAU",
					"JucePlugin_AUExportPrefixQuoted=\\\"TapeWarmAU\\\"",
					"JucePlugin_AUManufacturerCode=JucePlugin_ManufacturerCode",
					"JucePlugin_CFBundleIdentifier=com.Fletcher.TapeWarm",
					"JucePlugin_AAXIdentifier=com.Fletcher.TapeWarm",
					"JucePlugin_AAXManufacturerCode=JucePlugin_ManufacturerCode",
					"JucePlugin_AAXProductId=JucePlugin_PluginCode",
					"JucePlugin_AAXCategory=0",
					"JucePlugin_AAXDisableBypass=0",
					"JucePlugin_AAXDisableMultiMono=0",
					"JucePlugin_IAAType=0x61757278",
					"JucePlugin_IAASubType=JucePlugin_PluginCode",
					"JucePlugin_IAAName=\\\"Fletcher:\\ TapeWarm\\\"",
					"JucePlugin_VSTNumMidiInputs=16",
					"JucePlugin_VSTNumMidiOutputs=16",
					"JucePlugin_ARAContentTypes=0",
					"JucePlugin_ARATransformationFlags=0",
					"JucePlugin_ARAFactoryID=\\\"com.Fletcher.TapeWarm.factory\\\"",
					"JucePlugin_ARADocumentArchiveID=\\\"com.Fletcher.TapeWarm.aradocumentarchive.1.0.0\\\"",
					"JucePlugin_ARACompatibleArchiveIDs=\\\"\\\"",
					"JUCE_STANDALONE_APPLICATION=JucePlugin_Build_Standalone",
					"JUCER_XCODE_MAC_F6D2F4CF=1",
					"JUCE_APP_VERSION=1.0.0",
					"JUCE_APP_VERSION_HEX=0x10000",
				);
				GCC_VERSION = com.apple.compilers.llvm.clang.1_0;
				GENERATE_PKGINFO_FILE = YES;
				HEADER_SEARCH_PATHS = (
					"/Users/ianfletcher/JUCE/modules/juce_audio_processors_headless/format_types/VST3_SDK",
					"$(SRCROOT)/../../JuceLibraryCode",
					"/Users/ianfletcher/JUCE/modules",
					"/Users/ianfletcher/JUCE/modules/juce_audio_plugin_client/AU",
					"$(inherited)",
				);
				INFOPLIST_FILE = Info-VST3.plist;
				INFOPLIST_PREPROCESS = NO;
				INSTALL_PATH = "$(HOME)/Library/Audio/Plug-Ins/VST3/";
				LIBRARY_STYLE = Bundle;
				MACOSX_DEPLOYMENT_TARGET = 10.13;
				MTL_HEADER_SEARCH_PATHS = "/Users/ianfletcher/JUCE/modules/juce_audio_processors_headless/format_types/VST3_SDK $(SRCROOT)/../../JuceLibraryCode /Users/ianfletcher/JUCE/modules /Users/ianfletcher/JUCE/modules/juce_audio_plugin_client/AU";
				OTHER_CFLAGS = "-Wall -Wextra";
				OTHER_CPLUSPLUSFLAGS = "-Wall -Wextra";
				OTHER_LDFLAGS = "-bundle -lTapeWarm";
				PRODUCT_BUNDLE_IDENTIFIER = com.Fletcher.TapeWarm;
				PRODUCT_NAME = "TapeWarm";
				USE_HEADERMAP = NO;
				VALID_ARCHS = "i386 x86_64 arm64 arm64e";
				WRAPPER_EXTENSION = vst3;
			};
			name = Debug;
		};
		EA55C48C864CF5E0EC977159 /* Debug */ = {
			isa = XCBuildConfiguration;
			buildSettings = {
				CLANG_CXX_LANGUAGE_STANDARD = "c++17";
				CLANG_CXX_LIBRARY = "libc++";
				CLANG_LINK_OBJC_RUNTIME = NO;
				COMBINE_HIDPI_IMAGES = YES;
				CONFIGURATION_BUILD_DIR = "$(PROJECT_DIR)/build/$(CONFIGURATION)";
				COPY_PHASE_STRIP = NO;
				EXCLUDED_ARCHS = "";
				GCC_DYNAMIC_NO_PIC = NO;
				GCC_OPTIMIZATION_LEVEL = 0;
				GCC_PREPROCESSOR_DEFINITIONS = (
					"_DEBUG=1",
					"DEBUG=1",
					"JUCE_PROJUCER_VERSION=0x8000c",
					"JUCE_MODULE_AVAILABLE_juce_audio_basics=1",
					"JUCE_MODULE_AVAILABLE_juce_audio_devices=1",
					"JUCE_MODULE_AVAILABLE_juce_audio_formats=1",
					"JUCE_MODULE_AVAILABLE_juce_audio_plugin_client=1",
					"JUCE_MODULE_AVAILABLE_juce_audio_processors=1",
					"JUCE_MODULE_AVAILABLE_juce_audio_processors_headless=1",
					"JUCE_MODULE_AVAILABLE_juce_audio_utils=1",
					"JUCE_MODULE_AVAILABLE_juce_core=1",
					"JUCE_MODULE_AVAILABLE_juce_data_structures=1",
					"JUCE_MODULE_AVAILABLE_juce_dsp=1",
					"JUCE_MODULE_AVAILABLE_juce_events=1",
					"JUCE_MODULE_AVAILABLE_juce_graphics=1",
					"JUCE_MODULE_AVAILABLE_juce_gui_basics=1",
					"JUCE_MODULE_AVAILABLE_juce_gui_extra=1",
					"JUCE_GLOBAL_MODULE_SETTINGS_INCLUDED=1",
					"JUCE_VST3_CAN_REPLACE_VST2=0",
					"JUCE_STRICT_REFCOUNTEDPOINTER=1",
					"JucePlugin_Build_VST=0",
					"JucePlugin_Build_VST3=1",
					"JucePlugin_Build_AU=1",
					"JucePlugin_Build_AUv3=0",
					"JucePlugin_Build_AAX=0",
					"JucePlugin_Build_Standalone=0",
					"JucePlugin_Build_Unity=0",
					"JucePlugin_Build_LV2=0",
					"JucePlugin_Enable_IAA=0",
					"JucePlugin_Enable_ARA=0",
					"JucePlugin_Name=\\\"TapeWarm\\\"",
					"JucePlugin_Desc=\\\"Analog\\ tape\\ emulation\\ plugin\\\"",
					"JucePlugin_Manufacturer=\\\"Fletcher\\\"",
					"JucePlugin_ManufacturerWebsite=\\\"https://github.com/ianfletcher314/tapewarm\\\"",
					"JucePlugin_ManufacturerEmail=\\\"\\\"",
					"JucePlugin_ManufacturerCode=0x466c6574",
					"JucePlugin_PluginCode=0x5470776d",
					"JucePlugin_IsSynth=0",
					"JucePlugin_WantsMidiInput=0",
					"JucePlugin_ProducesMidiOutput=0",
					"JucePlugin_IsMidiEffect=0",
					"JucePlugin_EditorRequiresKeyboardFocus=0",
					"JucePlugin_Version=1.0.0",
					"JucePlugin_VersionCode=0x10000",
					"JucePlugin_VersionString=\\\"1.0.0\\\"",
					"JucePlugin_VSTUniqueID=JucePlugin_PluginCode",
					"JucePlugin_VSTCategory=kPlugCategEffect",
					"JucePlugin_Vst3Category=\\\"Fx\\\"",
					"JucePlugin_AUMainType=\\'aufx\\'",
					"JucePlugin_AUSubType=JucePlugin_PluginCode",
					"JucePlugin_AUExportPrefix=TapeWarmAU",
					"JucePlugin_AUExportPrefixQuoted=\\\"TapeWarmAU\\\"",
					"JucePlugin_AUManufacturerCode=JucePlugin_ManufacturerCode",
					"JucePlugin_CFBundleIdentifier=com.Fletcher.TapeWarm",
					"JucePlugin_AAXIdentifier=com.Fletcher.TapeWarm",
					"JucePlugin_AAXManufacturerCode=JucePlugin_ManufacturerCode",
					"JucePlugin_AAXProductId=JucePlugin_PluginCode",
					"JucePlugin_AAXCategory=0",
					"JucePlugin_AAXDisableBypass=0",
					"JucePlugin_AAXDisableMultiMono=0",
					"JucePlugin_IAAType=0x61757278",
					"JucePlugin_IAASubType=JucePlugin_PluginCode",
					"JucePlugin_IAAName=\\\"Fletcher:\\ TapeWarm\\\"",
					"JucePlugin_VSTNumMidiInputs=16",
					"JucePlugin_VSTNumMidiOutputs=16",
					"JucePlugin_ARAContentTypes=0",
					"JucePlugin_ARATransformationFlags=0",
					"JucePlugin_ARAFactoryID=\\\"com.Fletcher.TapeWarm.factory\\\"",
					"JucePlugin_ARADocumentArchiveID=\\\"com.Fletcher.TapeWarm.aradocumentarchive.1.0.0\\\"",
					"JucePlugin_ARACompatibleArchiveIDs=\\\"\\\"",
					"JUCE_STANDALONE_APPLICATION=JucePlugin_Build_Standalone",
					"JUCER_XCODE_MAC_F6D2F4CF=1",
					"JUCE_APP_VERSION=1.0.0",
					"JUCE_APP_VERSION_HEX=0x10000",
					"JUCE_SHARED_CODE=1",
				);
				GCC_VERSION = com.apple.compilers.llvm.clang.1_0;
				HEADER_SEARCH_PATHS = (
					"/Users/ianfletcher/JUCE/modules/juce_audio_processors_headless/format_types/VST3_SDK",
					"$(SRCROOT)/../../JuceLibraryCode",
					"/Users/ianfletcher/JUCE/modules",
					"/Users/ianfletcher/JUCE/modules/juce_audio_plugin_client/AU",
					"$(inherited)",
				);
				INSTALL_PATH = "@executable_path/../Frameworks";
				MACOSX_DEPLOYMENT_TARGET = 10.13;
				MTL_HEADER_SEARCH_PATHS = "/Users/ianfletcher/JUCE/modules/juce_audio_processors_headless/format_types/VST3_SDK $(SRCROOT)/../../JuceLibraryCode /Users/ianfletcher/JUCE/modules /Users/ianfletcher/JUCE/modules/juce_audio_plugin_client/AU";
				OTHER_CFLAGS = "-Wall -Wextra";
				OTHER_CPLUSPLUSFLAGS = "-Wall -Wextra";
				PRODUCT_BUNDLE_IDENTIFIER = com.Fletcher.TapeWarm;
				PRODUCT_NAME = "TapeWarm";
				SKIP_INSTALL = YES;
				USE_HEADERMAP = NO;
				VALID_ARCHS = "i386 x86_64 arm64 arm64e";
			};
			name = Debug;
		};
		F827F83464179F6D5A019B8C /* Release */ = {
			isa = XCBuildConfiguration;
			buildSettings = {
				CLANG_CXX_LANGUAGE_STANDARD = "c++17";
				CLANG_CXX_LIBRARY = "libc++";
				CLANG_LINK_OBJC_RUNTIME = NO;
				COMBINE_HIDPI_IMAGES = YES;
				CONFIGURATION_BUILD_DIR = "$(PROJECT_DIR)/build/$(CONFIGURATION)";
				DEAD_CODE_STRIPPING = YES;
				EXCLUDED_ARCHS = "";
				GCC_GENERATE_DEBUGGING_SYMBOLS = NO;
				GCC_OPTIMIZATION_LEVEL = 3;
				GCC_PREPROCESSOR_DEFINITIONS = (
					"_NDEBUG=1",
					"NDEBUG=1",
					"JUCE_PROJUCER_VERSION=0x8000c",
					"JUCE_MODULE_AVAILABLE_juce_audio_basics=1",
					"JUCE_MODULE_AVAILABLE_juce_audio_devices=1",
					"JUCE_MODULE_AVAILABLE_juce_audio_formats=1",
					"JUCE_MODULE_AVAILABLE_juce_audio_plugin_client=1",
					"JUCE_MODULE_AVAILABLE_juce_audio_processors=1",
					"JUCE_MODULE_AVAILABLE_juce_audio_processors_headless=1",
					"JUCE_MODULE_AVAILABLE_juce_audio_utils=1",
					"JUCE_MODULE_AVAILABLE_juce_core=1",
					"JUCE_MODULE_AVAILABLE_juce_data_structures=1",
					"JUCE_MODULE_AVAILABLE_juce_dsp=1",
					"JUCE_MODULE_AVAILABLE_juce_events=1",
					"JUCE_MODULE_AVAILABLE_juce_graphics=1",
					"JUCE_MODULE_AVAILABLE_juce_gui_basics=1",
					"JUCE_MODULE_AVAILABLE_juce_gui_extra=1",
					"JUCE_GLOBAL_MODULE_SETTINGS_INCLUDED=1",
					"JUCE_VST3_CAN_REPLACE_VST2=0",
					"JUCE_STRICT_REFCOUNTEDPOINTER=1",
					"JucePlugin_Build_VST=0",
					"JucePlugin_Build_VST3=1",
					"JucePlugin_Build_AU=1",
					"JucePlugin_Build_AUv3=0",
					"JucePlugin_Build_AAX=0",
					"JucePlugin_Build_Standalone=0",
					"JucePlugin_Build_Unity=0",
					"JucePlugin_Build_LV2=0",
					"JucePlugin_Enable_IAA=0",
					"JucePlugin_Enable_ARA=0",
					"JucePlugin_Name=\\\"TapeWarm\\\"",
					"JucePlugin_Desc=\\\"Analog\\ tape\\ emulation\\ plugin\\\"",
					"JucePlugin_Manufacturer=\\\"Fletcher\\\"",
					"JucePlugin_ManufacturerWebsite=\\\"https://github.com/ianfletcher314/tapewarm\\\"",
					"JucePlugin_ManufacturerEmail=\\\"\\\"",
					"JucePlugin_ManufacturerCode=0x466c6574",
					"JucePlugin_PluginCode=0x5470776d",
					"JucePlugin_IsSynth=0",
					"JucePlugin_WantsMidiInput=0",
					"JucePlugin_ProducesMidiOutput=0",
					"JucePlugin_IsMidiEffect=0",
					"JucePlugin_EditorRequiresKeyboardFocus=0",
					"JucePlugin_Version=1.0.0",
					"JucePlugin_VersionCode=0x10000",
					"JucePlugin_VersionString=\\\"1.0.0\\\"",
					"JucePlugin_VSTUniqueID=JucePlugin_PluginCode",
					"JucePlugin_VSTCategory=kPlugCategEffect",
					"JucePlugin_Vst3Category=\\\"Fx\\\"",
					"JucePlugin_AUMainType=\\'aufx\\'",
					"JucePlugin_AUSubType=JucePlugin_PluginCode",
					"JucePlugin_AUExportPrefix=TapeWarmAU",
					"JucePlugin_AUExportPrefixQuoted=\\\"TapeWarmAU\\\"",
					"JucePlugin_AUManufacturerCode=JucePlugin_ManufacturerCode",
					"JucePlugin_CFBundleIdentifier=com.Fletcher.TapeWarm",
					"JucePlugin_AAXIdentifier=com.Fletcher.TapeWarm",
					"JucePlugin_AAXManufacturerCode=JucePlugin_ManufacturerCode",
					"JucePlugin_AAXProductId=JucePlugin_PluginCode",
					"JucePlugin_AAXCategory=0",
					"JucePlugin_AAXDisableBypass=0",
					"JucePlugin_AAXDisableMultiMono=0",
					"JucePlugin_IAAType=0x61757278",
					"JucePlugin_IAASubType=JucePlugin_PluginCode",
					"JucePlugin_IAAName=\\\"Fletcher:\\ TapeWarm\\\"",
					"JucePlugin_VSTNumMidiInputs=16",
					"JucePlugin_VSTNumMidiOutputs=16",
					"JucePlugin_ARAContentTypes=0",
					"JucePlugin_ARATransformationFlags=0",
					"JucePlugin_ARAFactoryID=\\\"com.Fletcher.TapeWarm.factory\\\"",
					"JucePlugin_ARADocumentArchiveID=\\\"com.Fletcher.TapeWarm.aradocumentarchive.1.0.0\\\"",
					"JucePlugin_ARACompatibleArchiveIDs=\\\"\\\"",
					"JUCE_STANDALONE_APPLICATION=JucePlugin_Build_Standalone",
					"JUCER_XCODE_MAC_F6D2F4CF=1",
					"JUCE_APP_VERSION=1.0.0",
					"JUCE_APP_VERSION_HEX=0x10000",
					"JUCE_SHARED_CODE=1",
				);
				GCC_VERSION = com.apple.compilers.llvm.clang.1_0;
				HEADER_SEARCH_PATHS = (
					"/Users/ianfletcher/JUCE/modules/juce_audio_processors_headless/format_types/VST3_SDK",
					"$(SRCROOT)/../../JuceLibraryCode",
					"/Users/ianfletcher/JUCE/modules",
					"/Users/ianfletcher/JUCE/modules/juce_audio_plugin_client/AU",
					"$(inherited)",
				);
				INSTALL_PATH = "@executable_path/../Frameworks";
				LLVM_LTO = YES;
				MACOSX_DEPLOYMENT_TARGET = 10.13;
				MTL_HEADER_SEARCH_PATHS = "/Users/ianfletcher/JUCE/modules/juce_audio_processors_headless/format_types/VST3_SDK $(SRCROOT)/../../JuceLibraryCode /Users/ianfletcher/JUCE/modules /Users/ianfletcher/JUCE/modules/juce_audio_plugin_client/AU";
				OTHER_CFLAGS = "-Wall -Wextra";
				OTHER_CPLUSPLUSFLAGS = "-Wall -Wextra";
				PRODUCT_BUNDLE_IDENTIFIER = com.Fletcher.TapeWarm;
				PRODUCT_NAME = "TapeWarm";
				SKIP_INSTALL = YES;
				USE_HEADERMAP = NO;
				VALID_ARCHS = "i386 x86_64 arm64 arm64e";
			};
			name = Release;
		};
		FCB9B81EE352A504C4B6D7C7 /* Release */ = {
			isa = XCBuildConfiguration;
			buildSettings = {
				MACOSX_DEPLOYMENT_TARGET = 10.13;
				SDKROOT = macosx;
			};
			name = Release;
		};
		FE168E3298B35B3B2761DF7F /* Debug */ = {
			isa = XCBuildConfiguration;
			buildSettings = {
				CLANG_CXX_LANGUAGE_STANDARD = "c++17";
				CLANG_CXX_LIBRARY = "libc++";
				CLANG_LINK_OBJC_RUNTIME = NO;
				COMBINE_HIDPI_IMAGES = YES;
				CONFIGURATION_BUILD_DIR = "$(PROJECT_DIR)/build/$(CONFIGURATION)";
				COPY_PHASE_STRIP = NO;
				EXCLUDED_ARCHS = "";
				GCC_DYNAMIC_NO_PIC = NO;
				GCC_OPTIMIZATION_LEVEL = 0;
				GCC_PREPROCESSOR_DEFINITIONS = (
					"_DEBUG=1",
					"DEBUG=1",
					"JUCE_PROJUCER_VERSION=0x8000c",
					"JUCE_MODULE_AVAILABLE_juce_audio_basics=1",
					"JUCE_MODULE_AVAILABLE_juce_audio_devices=1",
					"JUCE_MODULE_AVAILABLE_juce_audio_formats=1",
					"JUCE_MODULE_AVAILABLE_juce_audio_plugin_client=1",
					"JUCE_MODULE_AVAILABLE_juce_audio_processors=1",
					"JUCE_MODULE_AVAILABLE_juce_audio_processors_headless=1",
					"JUCE_MODULE_AVAILABLE_juce_audio_utils=1",
					"JUCE_MODULE_AVAILABLE_juce_core=1",
					"JUCE_MODULE_AVAILABLE_juce_data_structures=1",
					"JUCE_MODULE_AVAILABLE_juce_dsp=1",
					"JUCE_MODULE_AVAILABLE_juce_events=1",
					"JUCE_MODULE_AVAILABLE_juce_graphics=1",
					"JUCE_MODULE_AVAILABLE_juce_gui_basics=1",
					"JUCE_MODULE_AVAILABLE_juce_gui_extra=1",
					"JUCE_GLOBAL_MODULE_SETTINGS_INCLUDED=1",
					"JUCE_VST3_CAN_REPLACE_VST2=0",
					"JUCE_STRICT_REFCOUNTEDPOINTER=1",
					"JucePlugin_Build_VST=0",
					"JucePlugin_Build_VST3=0",
					"JucePlugin_Build_AU=1",
					"JucePlugin_Build_AUv3=0",
					"JucePlugin_Build_AAX=0",
					"JucePlugin_Build_Standalone=0",
					"JucePlugin_Build_Unity=0",
					"JucePlugin_Build_LV2=0",
					"JucePlugin_Enable_IAA=0",
					"JucePlugin_Enable_ARA=0",
					"JucePlugin_Name=\\\"TapeWarm\\\"",
					"JucePlugin_Desc=\\\"Analog\\ tape\\ emulation\\ plugin\\\"",
					"JucePlugin_Manufacturer=\\\"Fletcher\\\"",
					"JucePlugin_ManufacturerWebsite=\\\"https://github.com/ianfletcher314/tapewarm\\\"",
					"JucePlugin_ManufacturerEmail=\\\"\\\"",
					"JucePlugin_ManufacturerCode=0x466c6574",
					"JucePlugin_PluginCode=0x5470776d",
					"JucePlugin_IsSynth=0",
					"JucePlugin_WantsMidiInput=0",
					"JucePlugin_ProducesMidiOutput=0",
					"JucePlugin_IsMidiEffect=0",
					"JucePlugin_EditorRequiresKeyboardFocus=0",
					"JucePlugin_Version=1.0.0",
					"JucePlugin_VersionCode=0x10000",
					"JucePlugin_VersionString=\\\"1.0.0\\\"",
					"JucePlugin_VSTUniqueID=JucePlugin_PluginCode",
					"JucePlugin_VSTCategory=kPlugCategEffect",
					"JucePlugin_Vst3Category=\\\"Fx\\\"",
					"JucePlugin_AUMainType=\\'aufx\\'",
					"JucePlugin_AUSubType=JucePlugin_PluginCode",
					"JucePlugin_AUExportPrefix=TapeWarmAU",
					"JucePlugin_AUExportPrefixQuoted=\\\"TapeWarmAU\\\"",
					"JucePlugin_AUManufacturerCode=JucePlugin_ManufacturerCode",
					"JucePlugin_CFBundleIdentifier=com.Fletcher.TapeWarm",
					"JucePlugin_AAXIdentifier=com.Fletcher.TapeWarm",
					"JucePlugin_AAXManufacturerCode=JucePlugin_ManufacturerCode",
					"JucePlugin_AAXProductId=JucePlugin_PluginCode",
					"JucePlugin_AAXCategory=0",
					"JucePlugin_AAXDisableBypass=0",
					"JucePlugin_AAXDisableMultiMono=0",
					"JucePlugin_IAAType=0x61757278",
					"JucePlugin_IAASubType=JucePlugin_PluginCode",
					"JucePlugin_IAAName=\\\"Fletcher:\\ TapeWarm\\\"",
					"JucePlugin_VSTNumMidiInputs=16",
					"JucePlugin_VSTNumMidiOutputs=16",
					"JucePlugin_ARAContentTypes=0",
					"JucePlugin_ARATransformationFlags=0",
					"JucePlugin_ARAFactoryID=\\\"com.Fletcher.TapeWarm.factory\\\"",
					"JucePlugin_ARADocumentArchiveID=\\\"com.Fletcher.TapeWarm.aradocumentarchive.1.0.0\\\"",
					"JucePlugin_ARACompatibleArchiveIDs=\\\"\\\"",
					"JUCE_STANDALONE_APPLICATION=JucePlugin_Build_Standalone",
					"JUCER_XCODE_MAC_F6D2F4CF=1",
					"JUCE_APP_VERSION=1.0.0",
					"JUCE_APP_VERSION_HEX=0x10000",
				);
				GCC_VERSION = com.apple.compilers.llvm.clang.1_0;
				GENERATE_PKGINFO_FILE = YES;
				HEADER_SEARCH_PATHS = (
					"/Users/ianfletcher/JUCE/modules/juce_audio_processors_headless/format_types/VST3_SDK",
					"$(SRCROOT)/../../JuceLibraryCode",
					"/Users/ianfletcher/JUCE/modules",
					"/Users/ianfletcher/JUCE/modules/juce_audio_plugin_client/AU",
					"$(inherited)",
				);
				INFOPLIST_FILE = Info-AU.plist;
				INFOPLIST_PREPROCESS = NO;
				INSTALL_PATH = "$(HOME)/Library/Audio/Plug-Ins/Components/";
				LIBRARY_STYLE = Bundle;
				MACOSX_DEPLOYMENT_TARGET = 10.13;
				MTL_HEADER_SEARCH_PATHS = "/Users/ianfletcher/JUCE/modules/juce_audio_processors_headless/format_types/VST3_SDK $(SRCROOT)/../../JuceLibraryCode /Users/ianfletcher/JUCE/modules /Users/ianfletcher/JUCE/modules/juce_audio_plugin_client/AU";
				OTHER_CFLAGS = "-Wall -Wextra";
				OTHER_CPLUSPLUSFLAGS = "-Wall -Wextra";
				OTHER_LDFLAGS = "-bundle -lTapeWarm";
				OTHER_REZFLAGS = "-d ppc_$ppc -d i386_$i386 -d ppc64_$ppc64 -d x86_64_$x86_64 -d arm64_$arm64 -I /System/Library/Frameworks/CoreServices.framework/Frameworks/CarbonCore.framework/Versions/A/Headers -I \"$(DEVELOPER_DIR)/Extras/CoreAudio/AudioUnits/AUPublic/AUBase\" -I \"$(DEVELOPER_DIR)/Platforms/MacOSX.platform/Developer/SDKs/MacOSX.sdk/System/Library/Frameworks/AudioUnit.framework/Headers\"";
				PRODUCT_BUNDLE_IDENTIFIER = com.Fletcher.TapeWarm;
				PRODUCT_NAME = "TapeWarm";
				USE_HEADERMAP = NO;
				VALID_ARCHS = "i386 x86_64 arm64 arm64e";
				WRAPPER_EXTENSION = component;
			};
			name = Debug;
		};
/* End XCBuildConfiguration section */

/* Begin XCConfigurationList section */
		2D7068777C90563D5D205D1D = {
			isa = XCConfigurationList;
			buildConfigurations = (
				BF9DFE1F9548AE6A6BBB4268,
				B4A0C36525179E0F06E5F3C5,
			);
			defaultConfigurationIsVisible = 0;
			defaultConfigurationName = Debug;
		};
		4CC12EF0D37DFAC542627BDE = {
			isa = XCConfigurationList;
			buildConfigurations = (
				FE168E3298B35B3B2761DF7F,
				8B050F560B188A59965EEF73,
			);
			defaultConfigurationIsVisible = 0;
			defaultConfigurationName = Debug;
		};
		710DD3EB614A0C240F52E1DD = {
			isa = XCConfigurationList;
			buildConfigurations = (
				96C7DB8D9E1395A5F2B36774,
				BB3B49A46734DB1D4D4ED738,
			);
			defaultConfigurationIsVisible = 0;
			defaultConfigurationName = Debug;
		};
		879E3D44355FB3B83F9E6246 = {
			isa = XCConfigurationList;
			buildConfigurations = (
				EA55C48C864CF5E0EC977159,
				F827F83464179F6D5A019B8C,
			);
			defaultConfigurationIsVisible = 0;
			defaultConfigurationName = Debug;
		};
		C9CABC7FE601C1B678573AD6 = {
			isa = XCConfigurationList;
			buildConfigurations = (
				30EBF9BD6BDB335ACB34523A,
				FCB9B81EE352A504C4B6D7C7,
			);
			defaultConfigurationIsVisible = 0;
			defaultConfigurationName = Debug;
		};
		F6A144E99AC452CFC11DFC59 = {
			isa = XCConfigurationList;
			buildConfigurations = (
				37A5DE006C28DBAF9075D249,
				8F517679287D42A3611F935B,
			);
			defaultConfigurationIsVisible = 0;
			defaultConfigurationName = Debug;
		};
/* End XCConfigurationList section */
	};
	rootObject = 36AB652B4BBA427F7D885AC2 /* Project object */;
}
